// !$*UTF8*$!
{
	archiveVersion = 1;
	classes = {
	};
	objectVersion = 46;
	objects = {

/* Begin PBXBuildFile section */
		D94BDB081A27CA0E009F69FB /* AppDelegate.swift in Sources */ = {isa = PBXBuildFile; fileRef = D94BDB071A27CA0E009F69FB /* AppDelegate.swift */; };
		D94BDB0A1A27CA0E009F69FB /* ViewController.swift in Sources */ = {isa = PBXBuildFile; fileRef = D94BDB091A27CA0E009F69FB /* ViewController.swift */; };
		D94BDB0D1A27CA0E009F69FB /* Main.storyboard in Resources */ = {isa = PBXBuildFile; fileRef = D94BDB0B1A27CA0E009F69FB /* Main.storyboard */; };
		D94BDB0F1A27CA0E009F69FB /* Images.xcassets in Resources */ = {isa = PBXBuildFile; fileRef = D94BDB0E1A27CA0E009F69FB /* Images.xcassets */; };
		D94BDB121A27CA0E009F69FB /* LaunchScreen.xib in Resources */ = {isa = PBXBuildFile; fileRef = D94BDB101A27CA0E009F69FB /* LaunchScreen.xib */; };
		D94BDB1E1A27CA0E009F69FB /* MorpionTests.swift in Sources */ = {isa = PBXBuildFile; fileRef = D94BDB1D1A27CA0E009F69FB /* MorpionTests.swift */; };
		D94BDB281A27E18D009F69FB /* MorpionImageView.swift in Sources */ = {isa = PBXBuildFile; fileRef = D94BDB271A27E18D009F69FB /* MorpionImageView.swift */; };
		D94BDB2A1A27E43B009F69FB /* MPCHandler.swift in Sources */ = {isa = PBXBuildFile; fileRef = D94BDB291A27E43B009F69FB /* MPCHandler.swift */; };
/* End PBXBuildFile section */

/* Begin PBXContainerItemProxy section */
		D94BDB181A27CA0E009F69FB /* PBXContainerItemProxy */ = {
			isa = PBXContainerItemProxy;
			containerPortal = D94BDAFA1A27CA0E009F69FB /* Project object */;
			proxyType = 1;
			remoteGlobalIDString = D94BDB011A27CA0E009F69FB;
			remoteInfo = Morpion;
		};
/* End PBXContainerItemProxy section */

/* Begin PBXFileReference section */
		D93310061A28BAA700F3714A /* Morpion.xcodeproj */ = {isa = PBXFileReference; lastKnownFileType = "wrapper.pb-project"; path = Morpion.xcodeproj; sourceTree = "<group>"; };
		D93310091A28BC9E00F3714A /* Info.plist */ = {isa = PBXFileReference; lastKnownFileType = text.plist.xml; name = Info.plist; path = Morpion/Info.plist; sourceTree = "<group>"; };
		D933100A1A28BCC200F3714A /* Info.plist */ = {isa = PBXFileReference; lastKnownFileType = text.plist.xml; name = Info.plist; path = Morpion/Info.plist; sourceTree = "<group>"; };
		D933100B1A28C05400F3714A /* Accelerate.framework */ = {isa = PBXFileReference; lastKnownFileType = wrapper.framework; name = Accelerate.framework; path = System/Library/Frameworks/Accelerate.framework; sourceTree = SDKROOT; };
		D933100C1A28C05400F3714A /* Accounts.framework */ = {isa = PBXFileReference; lastKnownFileType = wrapper.framework; name = Accounts.framework; path = System/Library/Frameworks/Accounts.framework; sourceTree = SDKROOT; };
		D933100D1A28C05400F3714A /* AddressBook.framework */ = {isa = PBXFileReference; lastKnownFileType = wrapper.framework; name = AddressBook.framework; path = System/Library/Frameworks/AddressBook.framework; sourceTree = SDKROOT; };
		D933100E1A28C05400F3714A /* AddressBookUI.framework */ = {isa = PBXFileReference; lastKnownFileType = wrapper.framework; name = AddressBookUI.framework; path = System/Library/Frameworks/AddressBookUI.framework; sourceTree = SDKROOT; };
		D933100F1A28C05400F3714A /* AdSupport.framework */ = {isa = PBXFileReference; lastKnownFileType = wrapper.framework; name = AdSupport.framework; path = System/Library/Frameworks/AdSupport.framework; sourceTree = SDKROOT; };
		D93310101A28C05400F3714A /* AssetsLibrary.framework */ = {isa = PBXFileReference; lastKnownFileType = wrapper.framework; name = AssetsLibrary.framework; path = System/Library/Frameworks/AssetsLibrary.framework; sourceTree = SDKROOT; };
		D93310111A28C05400F3714A /* AudioToolbox.framework */ = {isa = PBXFileReference; lastKnownFileType = wrapper.framework; name = AudioToolbox.framework; path = System/Library/Frameworks/AudioToolbox.framework; sourceTree = SDKROOT; };
		D93310121A28C05400F3714A /* AudioUnit.framework */ = {isa = PBXFileReference; lastKnownFileType = wrapper.framework; name = AudioUnit.framework; path = System/Library/Frameworks/AudioUnit.framework; sourceTree = SDKROOT; };
		D93310131A28C05400F3714A /* AVFoundation.framework */ = {isa = PBXFileReference; lastKnownFileType = wrapper.framework; name = AVFoundation.framework; path = System/Library/Frameworks/AVFoundation.framework; sourceTree = SDKROOT; };
		D93310141A28C05400F3714A /* AVKit.framework */ = {isa = PBXFileReference; lastKnownFileType = wrapper.framework; name = AVKit.framework; path = System/Library/Frameworks/AVKit.framework; sourceTree = SDKROOT; };
		D93310151A28C05400F3714A /* bundle1.o */ = {isa = PBXFileReference; lastKnownFileType = "compiled.mach-o.objfile"; name = bundle1.o; path = usr/lib/bundle1.o; sourceTree = SDKROOT; };
		D93310161A28C05400F3714A /* CarrierBundleUtilities.dylib */ = {isa = PBXFileReference; lastKnownFileType = "compiled.mach-o.dylib"; name = CarrierBundleUtilities.dylib; path = usr/lib/CarrierBundleUtilities.dylib; sourceTree = SDKROOT; };
		D93310171A28C05400F3714A /* CFNetwork.framework */ = {isa = PBXFileReference; lastKnownFileType = wrapper.framework; name = CFNetwork.framework; path = System/Library/Frameworks/CFNetwork.framework; sourceTree = SDKROOT; };
		D93310181A28C05400F3714A /* CloudKit.framework */ = {isa = PBXFileReference; lastKnownFileType = wrapper.framework; name = CloudKit.framework; path = System/Library/Frameworks/CloudKit.framework; sourceTree = SDKROOT; };
		D93310191A28C05400F3714A /* CoreAudio.framework */ = {isa = PBXFileReference; lastKnownFileType = wrapper.framework; name = CoreAudio.framework; path = System/Library/Frameworks/CoreAudio.framework; sourceTree = SDKROOT; };
		D933101A1A28C05400F3714A /* CoreAudioKit.framework */ = {isa = PBXFileReference; lastKnownFileType = wrapper.framework; name = CoreAudioKit.framework; path = System/Library/Frameworks/CoreAudioKit.framework; sourceTree = SDKROOT; };
		D933101B1A28C05400F3714A /* CoreBluetooth.framework */ = {isa = PBXFileReference; lastKnownFileType = wrapper.framework; name = CoreBluetooth.framework; path = System/Library/Frameworks/CoreBluetooth.framework; sourceTree = SDKROOT; };
		D933101C1A28C05400F3714A /* CoreData.framework */ = {isa = PBXFileReference; lastKnownFileType = wrapper.framework; name = CoreData.framework; path = System/Library/Frameworks/CoreData.framework; sourceTree = SDKROOT; };
		D933101D1A28C05400F3714A /* CoreFoundation.framework */ = {isa = PBXFileReference; lastKnownFileType = wrapper.framework; name = CoreFoundation.framework; path = System/Library/Frameworks/CoreFoundation.framework; sourceTree = SDKROOT; };
		D933101E1A28C05400F3714A /* CoreGraphics.framework */ = {isa = PBXFileReference; lastKnownFileType = wrapper.framework; name = CoreGraphics.framework; path = System/Library/Frameworks/CoreGraphics.framework; sourceTree = SDKROOT; };
		D933101F1A28C05400F3714A /* CoreImage.framework */ = {isa = PBXFileReference; lastKnownFileType = wrapper.framework; name = CoreImage.framework; path = System/Library/Frameworks/CoreImage.framework; sourceTree = SDKROOT; };
		D93310201A28C05400F3714A /* CoreLocation.framework */ = {isa = PBXFileReference; lastKnownFileType = wrapper.framework; name = CoreLocation.framework; path = System/Library/Frameworks/CoreLocation.framework; sourceTree = SDKROOT; };
		D93310211A28C05400F3714A /* CoreMedia.framework */ = {isa = PBXFileReference; lastKnownFileType = wrapper.framework; name = CoreMedia.framework; path = System/Library/Frameworks/CoreMedia.framework; sourceTree = SDKROOT; };
		D93310221A28C05400F3714A /* CoreMIDI.framework */ = {isa = PBXFileReference; lastKnownFileType = wrapper.framework; name = CoreMIDI.framework; path = System/Library/Frameworks/CoreMIDI.framework; sourceTree = SDKROOT; };
		D93310231A28C05400F3714A /* CoreMotion.framework */ = {isa = PBXFileReference; lastKnownFileType = wrapper.framework; name = CoreMotion.framework; path = System/Library/Frameworks/CoreMotion.framework; sourceTree = SDKROOT; };
		D93310241A28C05400F3714A /* CoreTelephony.framework */ = {isa = PBXFileReference; lastKnownFileType = wrapper.framework; name = CoreTelephony.framework; path = System/Library/Frameworks/CoreTelephony.framework; sourceTree = SDKROOT; };
		D93310251A28C05400F3714A /* CoreText.framework */ = {isa = PBXFileReference; lastKnownFileType = wrapper.framework; name = CoreText.framework; path = System/Library/Frameworks/CoreText.framework; sourceTree = SDKROOT; };
		D93310261A28C05400F3714A /* CoreVideo.framework */ = {isa = PBXFileReference; lastKnownFileType = wrapper.framework; name = CoreVideo.framework; path = System/Library/Frameworks/CoreVideo.framework; sourceTree = SDKROOT; };
		D93310271A28C05400F3714A /* crt1.3.1.o */ = {isa = PBXFileReference; lastKnownFileType = "compiled.mach-o.objfile"; name = crt1.3.1.o; path = usr/lib/crt1.3.1.o; sourceTree = SDKROOT; };
		D93310281A28C05400F3714A /* crt1.o */ = {isa = PBXFileReference; lastKnownFileType = "compiled.mach-o.objfile"; name = crt1.o; path = usr/lib/crt1.o; sourceTree = SDKROOT; };
		D93310291A28C05400F3714A /* dylib1.o */ = {isa = PBXFileReference; lastKnownFileType = "compiled.mach-o.objfile"; name = dylib1.o; path = usr/lib/dylib1.o; sourceTree = SDKROOT; };
		D933102A1A28C05400F3714A /* EventKit.framework */ = {isa = PBXFileReference; lastKnownFileType = wrapper.framework; name = EventKit.framework; path = System/Library/Frameworks/EventKit.framework; sourceTree = SDKROOT; };
		D933102B1A28C05400F3714A /* EventKitUI.framework */ = {isa = PBXFileReference; lastKnownFileType = wrapper.framework; name = EventKitUI.framework; path = System/Library/Frameworks/EventKitUI.framework; sourceTree = SDKROOT; };
		D933102C1A28C05400F3714A /* ExternalAccessory.framework */ = {isa = PBXFileReference; lastKnownFileType = wrapper.framework; name = ExternalAccessory.framework; path = System/Library/Frameworks/ExternalAccessory.framework; sourceTree = SDKROOT; };
		D933102D1A28C05400F3714A /* Foundation.framework */ = {isa = PBXFileReference; lastKnownFileType = wrapper.framework; name = Foundation.framework; path = System/Library/Frameworks/Foundation.framework; sourceTree = SDKROOT; };
		D933102E1A28C05400F3714A /* GameController.framework */ = {isa = PBXFileReference; lastKnownFileType = wrapper.framework; name = GameController.framework; path = System/Library/Frameworks/GameController.framework; sourceTree = SDKROOT; };
		D933102F1A28C05400F3714A /* GameKit.framework */ = {isa = PBXFileReference; lastKnownFileType = wrapper.framework; name = GameKit.framework; path = System/Library/Frameworks/GameKit.framework; sourceTree = SDKROOT; };
		D93310301A28C05400F3714A /* gcrt1.o */ = {isa = PBXFileReference; lastKnownFileType = "compiled.mach-o.objfile"; name = gcrt1.o; path = usr/lib/gcrt1.o; sourceTree = SDKROOT; };
		D93310311A28C05400F3714A /* GLKit.framework */ = {isa = PBXFileReference; lastKnownFileType = wrapper.framework; name = GLKit.framework; path = System/Library/Frameworks/GLKit.framework; sourceTree = SDKROOT; };
		D93310321A28C05400F3714A /* GSS.framework */ = {isa = PBXFileReference; lastKnownFileType = wrapper.framework; name = GSS.framework; path = System/Library/Frameworks/GSS.framework; sourceTree = SDKROOT; };
		D93310331A28C05400F3714A /* HealthKit.framework */ = {isa = PBXFileReference; lastKnownFileType = wrapper.framework; name = HealthKit.framework; path = System/Library/Frameworks/HealthKit.framework; sourceTree = SDKROOT; };
		D93310341A28C05400F3714A /* HomeKit.framework */ = {isa = PBXFileReference; lastKnownFileType = wrapper.framework; name = HomeKit.framework; path = System/Library/Frameworks/HomeKit.framework; sourceTree = SDKROOT; };
		D93310351A28C05400F3714A /* iAd.framework */ = {isa = PBXFileReference; lastKnownFileType = wrapper.framework; name = iAd.framework; path = System/Library/Frameworks/iAd.framework; sourceTree = SDKROOT; };
		D93310361A28C05400F3714A /* ImageIO.framework */ = {isa = PBXFileReference; lastKnownFileType = wrapper.framework; name = ImageIO.framework; path = System/Library/Frameworks/ImageIO.framework; sourceTree = SDKROOT; };
		D93310371A28C05400F3714A /* JavaScriptCore.framework */ = {isa = PBXFileReference; lastKnownFileType = wrapper.framework; name = JavaScriptCore.framework; path = System/Library/Frameworks/JavaScriptCore.framework; sourceTree = SDKROOT; };
		D93310381A28C05400F3714A /* lazydylib1.o */ = {isa = PBXFileReference; lastKnownFileType = "compiled.mach-o.objfile"; name = lazydylib1.o; path = usr/lib/lazydylib1.o; sourceTree = SDKROOT; };
		D93310391A28C05400F3714A /* libAccessibility.dylib */ = {isa = PBXFileReference; lastKnownFileType = "compiled.mach-o.dylib"; name = libAccessibility.dylib; path = usr/lib/libAccessibility.dylib; sourceTree = SDKROOT; };
		D933103A1A28C05400F3714A /* libacmobileshim.dylib */ = {isa = PBXFileReference; lastKnownFileType = "compiled.mach-o.dylib"; name = libacmobileshim.dylib; path = usr/lib/libacmobileshim.dylib; sourceTree = SDKROOT; };
		D933103B1A28C05400F3714A /* libafc.dylib */ = {isa = PBXFileReference; lastKnownFileType = "compiled.mach-o.dylib"; name = libafc.dylib; path = usr/lib/libafc.dylib; sourceTree = SDKROOT; };
		D933103C1A28C05400F3714A /* libamsupport.dylib */ = {isa = PBXFileReference; lastKnownFileType = "compiled.mach-o.dylib"; name = libamsupport.dylib; path = usr/lib/libamsupport.dylib; sourceTree = SDKROOT; };
		D933103D1A28C05400F3714A /* libAppPatch.dylib */ = {isa = PBXFileReference; lastKnownFileType = "compiled.mach-o.dylib"; name = libAppPatch.dylib; path = usr/lib/libAppPatch.dylib; sourceTree = SDKROOT; };
		D933103E1A28C05400F3714A /* libarchive.2.dylib */ = {isa = PBXFileReference; lastKnownFileType = "compiled.mach-o.dylib"; name = libarchive.2.dylib; path = usr/lib/libarchive.2.dylib; sourceTree = SDKROOT; };
		D933103F1A28C05400F3714A /* libarchive.dylib */ = {isa = PBXFileReference; lastKnownFileType = "compiled.mach-o.dylib"; name = libarchive.dylib; path = usr/lib/libarchive.dylib; sourceTree = SDKROOT; };
		D93310401A28C05400F3714A /* libassertion_extension.dylib */ = {isa = PBXFileReference; lastKnownFileType = "compiled.mach-o.dylib"; name = libassertion_extension.dylib; path = usr/lib/libassertion_extension.dylib; sourceTree = SDKROOT; };
		D93310411A28C05400F3714A /* libassertion_launchd.dylib */ = {isa = PBXFileReference; lastKnownFileType = "compiled.mach-o.dylib"; name = libassertion_launchd.dylib; path = usr/lib/libassertion_launchd.dylib; sourceTree = SDKROOT; };
		D93310421A28C05400F3714A /* libauthinstall.dylib */ = {isa = PBXFileReference; lastKnownFileType = "compiled.mach-o.dylib"; name = libauthinstall.dylib; path = usr/lib/libauthinstall.dylib; sourceTree = SDKROOT; };
		D93310431A28C05400F3714A /* libAWDProtobuf.dylib */ = {isa = PBXFileReference; lastKnownFileType = "compiled.mach-o.dylib"; name = libAWDProtobuf.dylib; path = usr/lib/libAWDProtobuf.dylib; sourceTree = SDKROOT; };
		D93310441A28C05400F3714A /* libAWDProtobufAirPlay.dylib */ = {isa = PBXFileReference; lastKnownFileType = "compiled.mach-o.dylib"; name = libAWDProtobufAirPlay.dylib; path = usr/lib/libAWDProtobufAirPlay.dylib; sourceTree = SDKROOT; };
		D93310451A28C05400F3714A /* libAWDProtobufAPSD.dylib */ = {isa = PBXFileReference; lastKnownFileType = "compiled.mach-o.dylib"; name = libAWDProtobufAPSD.dylib; path = usr/lib/libAWDProtobufAPSD.dylib; sourceTree = SDKROOT; };
		D93310461A28C05400F3714A /* libAWDProtobufBaseband.dylib */ = {isa = PBXFileReference; lastKnownFileType = "compiled.mach-o.dylib"; name = libAWDProtobufBaseband.dylib; path = usr/lib/libAWDProtobufBaseband.dylib; sourceTree = SDKROOT; };
		D93310471A28C05400F3714A /* libAWDProtobufBluetooth.dylib */ = {isa = PBXFileReference; lastKnownFileType = "compiled.mach-o.dylib"; name = libAWDProtobufBluetooth.dylib; path = usr/lib/libAWDProtobufBluetooth.dylib; sourceTree = SDKROOT; };
		D93310481A28C05400F3714A /* libAWDProtobufCallHistory.dylib */ = {isa = PBXFileReference; lastKnownFileType = "compiled.mach-o.dylib"; name = libAWDProtobufCallHistory.dylib; path = usr/lib/libAWDProtobufCallHistory.dylib; sourceTree = SDKROOT; };
		D93310491A28C05400F3714A /* libAWDProtobufCaptive.dylib */ = {isa = PBXFileReference; lastKnownFileType = "compiled.mach-o.dylib"; name = libAWDProtobufCaptive.dylib; path = usr/lib/libAWDProtobufCaptive.dylib; sourceTree = SDKROOT; };
		D933104A1A28C05400F3714A /* libAWDProtobufCATM.dylib */ = {isa = PBXFileReference; lastKnownFileType = "compiled.mach-o.dylib"; name = libAWDProtobufCATM.dylib; path = usr/lib/libAWDProtobufCATM.dylib; sourceTree = SDKROOT; };
		D933104B1A28C05400F3714A /* libAWDProtobufEasyConfig.dylib */ = {isa = PBXFileReference; lastKnownFileType = "compiled.mach-o.dylib"; name = libAWDProtobufEasyConfig.dylib; path = usr/lib/libAWDProtobufEasyConfig.dylib; sourceTree = SDKROOT; };
		D933104C1A28C05400F3714A /* libAWDProtobufFacetime.dylib */ = {isa = PBXFileReference; lastKnownFileType = "compiled.mach-o.dylib"; name = libAWDProtobufFacetime.dylib; path = usr/lib/libAWDProtobufFacetime.dylib; sourceTree = SDKROOT; };
		D933104D1A28C05400F3714A /* libAWDProtobufFacetimeiMessage.dylib */ = {isa = PBXFileReference; lastKnownFileType = "compiled.mach-o.dylib"; name = libAWDProtobufFacetimeiMessage.dylib; path = usr/lib/libAWDProtobufFacetimeiMessage.dylib; sourceTree = SDKROOT; };
		D933104E1A28C05400F3714A /* libAWDProtobufGCK.dylib */ = {isa = PBXFileReference; lastKnownFileType = "compiled.mach-o.dylib"; name = libAWDProtobufGCK.dylib; path = usr/lib/libAWDProtobufGCK.dylib; sourceTree = SDKROOT; };
		D933104F1A28C05400F3714A /* libAWDProtobufHomeKit.dylib */ = {isa = PBXFileReference; lastKnownFileType = "compiled.mach-o.dylib"; name = libAWDProtobufHomeKit.dylib; path = usr/lib/libAWDProtobufHomeKit.dylib; sourceTree = SDKROOT; };
		D93310501A28C05400F3714A /* libAWDProtobufIDS.dylib */ = {isa = PBXFileReference; lastKnownFileType = "compiled.mach-o.dylib"; name = libAWDProtobufIDS.dylib; path = usr/lib/libAWDProtobufIDS.dylib; sourceTree = SDKROOT; };
		D93310511A28C05400F3714A /* libAWDProtobufITester.dylib */ = {isa = PBXFileReference; lastKnownFileType = "compiled.mach-o.dylib"; name = libAWDProtobufITester.dylib; path = usr/lib/libAWDProtobufITester.dylib; sourceTree = SDKROOT; };
		D93310521A28C05400F3714A /* libAWDProtobufLibnetcore.dylib */ = {isa = PBXFileReference; lastKnownFileType = "compiled.mach-o.dylib"; name = libAWDProtobufLibnetcore.dylib; path = usr/lib/libAWDProtobufLibnetcore.dylib; sourceTree = SDKROOT; };
		D93310531A28C05400F3714A /* libAWDProtobufLocation.dylib */ = {isa = PBXFileReference; lastKnownFileType = "compiled.mach-o.dylib"; name = libAWDProtobufLocation.dylib; path = usr/lib/libAWDProtobufLocation.dylib; sourceTree = SDKROOT; };
		D93310541A28C05400F3714A /* libAWDProtobufMMCS.dylib */ = {isa = PBXFileReference; lastKnownFileType = "compiled.mach-o.dylib"; name = libAWDProtobufMMCS.dylib; path = usr/lib/libAWDProtobufMMCS.dylib; sourceTree = SDKROOT; };
		D93310551A28C05400F3714A /* libAWDProtobufNFC.dylib */ = {isa = PBXFileReference; lastKnownFileType = "compiled.mach-o.dylib"; name = libAWDProtobufNFC.dylib; path = usr/lib/libAWDProtobufNFC.dylib; sourceTree = SDKROOT; };
		D93310561A28C05400F3714A /* libAWDProtobufPower.dylib */ = {isa = PBXFileReference; lastKnownFileType = "compiled.mach-o.dylib"; name = libAWDProtobufPower.dylib; path = usr/lib/libAWDProtobufPower.dylib; sourceTree = SDKROOT; };
		D93310571A28C05400F3714A /* libAWDProtobufSiri.dylib */ = {isa = PBXFileReference; lastKnownFileType = "compiled.mach-o.dylib"; name = libAWDProtobufSiri.dylib; path = usr/lib/libAWDProtobufSiri.dylib; sourceTree = SDKROOT; };
		D93310581A28C05400F3714A /* libAWDProtobufTelephony.dylib */ = {isa = PBXFileReference; lastKnownFileType = "compiled.mach-o.dylib"; name = libAWDProtobufTelephony.dylib; path = usr/lib/libAWDProtobufTelephony.dylib; sourceTree = SDKROOT; };
		D93310591A28C05400F3714A /* libAWDProtobufVPN.dylib */ = {isa = PBXFileReference; lastKnownFileType = "compiled.mach-o.dylib"; name = libAWDProtobufVPN.dylib; path = usr/lib/libAWDProtobufVPN.dylib; sourceTree = SDKROOT; };
		D933105A1A28C05400F3714A /* libAWDProtobufWifi.dylib */ = {isa = PBXFileReference; lastKnownFileType = "compiled.mach-o.dylib"; name = libAWDProtobufWifi.dylib; path = usr/lib/libAWDProtobufWifi.dylib; sourceTree = SDKROOT; };
		D933105B1A28C05400F3714A /* libAWDProtobufWirelessProximity.dylib */ = {isa = PBXFileReference; lastKnownFileType = "compiled.mach-o.dylib"; name = libAWDProtobufWirelessProximity.dylib; path = usr/lib/libAWDProtobufWirelessProximity.dylib; sourceTree = SDKROOT; };
		D933105C1A28C05400F3714A /* libAWDProtobufWRM.dylib */ = {isa = PBXFileReference; lastKnownFileType = "compiled.mach-o.dylib"; name = libAWDProtobufWRM.dylib; path = usr/lib/libAWDProtobufWRM.dylib; sourceTree = SDKROOT; };
		D933105D1A28C05400F3714A /* libAWDSupport.dylib */ = {isa = PBXFileReference; lastKnownFileType = "compiled.mach-o.dylib"; name = libAWDSupport.dylib; path = usr/lib/libAWDSupport.dylib; sourceTree = SDKROOT; };
		D933105E1A28C05400F3714A /* libAWDSupportConfig.dylib */ = {isa = PBXFileReference; lastKnownFileType = "compiled.mach-o.dylib"; name = libAWDSupportConfig.dylib; path = usr/lib/libAWDSupportConfig.dylib; sourceTree = SDKROOT; };
		D933105F1A28C05400F3714A /* libAWDSupportFramework.dylib */ = {isa = PBXFileReference; lastKnownFileType = "compiled.mach-o.dylib"; name = libAWDSupportFramework.dylib; path = usr/lib/libAWDSupportFramework.dylib; sourceTree = SDKROOT; };
		D93310601A28C05400F3714A /* libAWDSupportInfo.dylib */ = {isa = PBXFileReference; lastKnownFileType = "compiled.mach-o.dylib"; name = libAWDSupportInfo.dylib; path = usr/lib/libAWDSupportInfo.dylib; sourceTree = SDKROOT; };
		D93310611A28C05400F3714A /* libAXSafeCategoryBundle.dylib */ = {isa = PBXFileReference; lastKnownFileType = "compiled.mach-o.dylib"; name = libAXSafeCategoryBundle.dylib; path = usr/lib/libAXSafeCategoryBundle.dylib; sourceTree = SDKROOT; };
		D93310621A28C05400F3714A /* libAXSpeechManager.dylib */ = {isa = PBXFileReference; lastKnownFileType = "compiled.mach-o.dylib"; name = libAXSpeechManager.dylib; path = usr/lib/libAXSpeechManager.dylib; sourceTree = SDKROOT; };
		D93310631A28C05400F3714A /* libBasebandManager.dylib */ = {isa = PBXFileReference; lastKnownFileType = "compiled.mach-o.dylib"; name = libBasebandManager.dylib; path = usr/lib/libBasebandManager.dylib; sourceTree = SDKROOT; };
		D93310641A28C05400F3714A /* libBasebandUSB.dylib */ = {isa = PBXFileReference; lastKnownFileType = "compiled.mach-o.dylib"; name = libBasebandUSB.dylib; path = usr/lib/libBasebandUSB.dylib; sourceTree = SDKROOT; };
		D93310651A28C05400F3714A /* libBBUpdaterDynamic.dylib */ = {isa = PBXFileReference; lastKnownFileType = "compiled.mach-o.dylib"; name = libBBUpdaterDynamic.dylib; path = usr/lib/libBBUpdaterDynamic.dylib; sourceTree = SDKROOT; };
		D93310661A28C05400F3714A /* libbsm.0.dylib */ = {isa = PBXFileReference; lastKnownFileType = "compiled.mach-o.dylib"; name = libbsm.0.dylib; path = usr/lib/libbsm.0.dylib; sourceTree = SDKROOT; };
		D93310671A28C05400F3714A /* libbsm.dylib */ = {isa = PBXFileReference; lastKnownFileType = "compiled.mach-o.dylib"; name = libbsm.dylib; path = usr/lib/libbsm.dylib; sourceTree = SDKROOT; };
		D93310681A28C05400F3714A /* libbz2.1.0.dylib */ = {isa = PBXFileReference; lastKnownFileType = "compiled.mach-o.dylib"; name = libbz2.1.0.dylib; path = usr/lib/libbz2.1.0.dylib; sourceTree = SDKROOT; };
		D93310691A28C05400F3714A /* libbz2.dylib */ = {isa = PBXFileReference; lastKnownFileType = "compiled.mach-o.dylib"; name = libbz2.dylib; path = usr/lib/libbz2.dylib; sourceTree = SDKROOT; };
		D933106A1A28C05400F3714A /* libc++.1.dylib */ = {isa = PBXFileReference; lastKnownFileType = "compiled.mach-o.dylib"; name = "libc++.1.dylib"; path = "usr/lib/libc++.1.dylib"; sourceTree = SDKROOT; };
		D933106B1A28C05400F3714A /* libc++.dylib */ = {isa = PBXFileReference; lastKnownFileType = "compiled.mach-o.dylib"; name = "libc++.dylib"; path = "usr/lib/libc++.dylib"; sourceTree = SDKROOT; };
		D933106C1A28C05400F3714A /* libc++abi.dylib */ = {isa = PBXFileReference; lastKnownFileType = "compiled.mach-o.dylib"; name = "libc++abi.dylib"; path = "usr/lib/libc++abi.dylib"; sourceTree = SDKROOT; };
		D933106D1A28C05400F3714A /* libc.dylib */ = {isa = PBXFileReference; lastKnownFileType = "compiled.mach-o.dylib"; name = libc.dylib; path = usr/lib/libc.dylib; sourceTree = SDKROOT; };
		D933106E1A28C05400F3714A /* libcache.dylib */ = {isa = PBXFileReference; lastKnownFileType = "compiled.mach-o.dylib"; name = libcache.dylib; path = usr/lib/system/libcache.dylib; sourceTree = SDKROOT; };
		D933106F1A28C05400F3714A /* libcharset.1.0.0.dylib */ = {isa = PBXFileReference; lastKnownFileType = "compiled.mach-o.dylib"; name = libcharset.1.0.0.dylib; path = usr/lib/libcharset.1.0.0.dylib; sourceTree = SDKROOT; };
		D93310701A28C05400F3714A /* libcharset.1.dylib */ = {isa = PBXFileReference; lastKnownFileType = "compiled.mach-o.dylib"; name = libcharset.1.dylib; path = usr/lib/libcharset.1.dylib; sourceTree = SDKROOT; };
		D93310711A28C05400F3714A /* libcharset.dylib */ = {isa = PBXFileReference; lastKnownFileType = "compiled.mach-o.dylib"; name = libcharset.dylib; path = usr/lib/libcharset.dylib; sourceTree = SDKROOT; };
		D93310721A28C05400F3714A /* libcmph.dylib */ = {isa = PBXFileReference; lastKnownFileType = "compiled.mach-o.dylib"; name = libcmph.dylib; path = usr/lib/libcmph.dylib; sourceTree = SDKROOT; };
		D93310731A28C05400F3714A /* libcommonCrypto.dylib */ = {isa = PBXFileReference; lastKnownFileType = "compiled.mach-o.dylib"; name = libcommonCrypto.dylib; path = usr/lib/system/libcommonCrypto.dylib; sourceTree = SDKROOT; };
		D93310741A28C05400F3714A /* libcompiler_rt.dylib */ = {isa = PBXFileReference; lastKnownFileType = "compiled.mach-o.dylib"; name = libcompiler_rt.dylib; path = usr/lib/system/libcompiler_rt.dylib; sourceTree = SDKROOT; };
		D93310751A28C05400F3714A /* libcopyfile.dylib */ = {isa = PBXFileReference; lastKnownFileType = "compiled.mach-o.dylib"; name = libcopyfile.dylib; path = usr/lib/system/libcopyfile.dylib; sourceTree = SDKROOT; };
		D93310761A28C05400F3714A /* libcorecrypto.dylib */ = {isa = PBXFileReference; lastKnownFileType = "compiled.mach-o.dylib"; name = libcorecrypto.dylib; path = usr/lib/system/libcorecrypto.dylib; sourceTree = SDKROOT; };
		D93310771A28C05400F3714A /* libCRFSuite.dylib */ = {isa = PBXFileReference; lastKnownFileType = "compiled.mach-o.dylib"; name = libCRFSuite.dylib; path = usr/lib/libCRFSuite.dylib; sourceTree = SDKROOT; };
		D93310781A28C05500F3714A /* libCRFSuite0.12.dylib */ = {isa = PBXFileReference; lastKnownFileType = "compiled.mach-o.dylib"; name = libCRFSuite0.12.dylib; path = usr/lib/libCRFSuite0.12.dylib; sourceTree = SDKROOT; };
		D93310791A28C05500F3714A /* libCTWakeCommandParserDynamic.dylib */ = {isa = PBXFileReference; lastKnownFileType = "compiled.mach-o.dylib"; name = libCTWakeCommandParserDynamic.dylib; path = usr/lib/libCTWakeCommandParserDynamic.dylib; sourceTree = SDKROOT; };
		D933107A1A28C05500F3714A /* libcupolicy.dylib */ = {isa = PBXFileReference; lastKnownFileType = "compiled.mach-o.dylib"; name = libcupolicy.dylib; path = usr/lib/libcupolicy.dylib; sourceTree = SDKROOT; };
		D933107B1A28C05500F3714A /* libcurses.dylib */ = {isa = PBXFileReference; lastKnownFileType = "compiled.mach-o.dylib"; name = libcurses.dylib; path = usr/lib/libcurses.dylib; sourceTree = SDKROOT; };
		D933107C1A28C05500F3714A /* libdbm.dylib */ = {isa = PBXFileReference; lastKnownFileType = "compiled.mach-o.dylib"; name = libdbm.dylib; path = usr/lib/libdbm.dylib; sourceTree = SDKROOT; };
		D933107D1A28C05500F3714A /* libDHCPServer.A.dylib */ = {isa = PBXFileReference; lastKnownFileType = "compiled.mach-o.dylib"; name = libDHCPServer.A.dylib; path = usr/lib/libDHCPServer.A.dylib; sourceTree = SDKROOT; };
		D933107E1A28C05500F3714A /* libDHCPServer.dylib */ = {isa = PBXFileReference; lastKnownFileType = "compiled.mach-o.dylib"; name = libDHCPServer.dylib; path = usr/lib/libDHCPServer.dylib; sourceTree = SDKROOT; };
		D933107F1A28C05500F3714A /* libdispatch.dylib */ = {isa = PBXFileReference; lastKnownFileType = "compiled.mach-o.dylib"; name = libdispatch.dylib; path = usr/lib/system/introspection/libdispatch.dylib; sourceTree = SDKROOT; };
		D93310801A28C05500F3714A /* libdispatch.dylib */ = {isa = PBXFileReference; lastKnownFileType = "compiled.mach-o.dylib"; name = libdispatch.dylib; path = usr/lib/system/libdispatch.dylib; sourceTree = SDKROOT; };
		D93310811A28C05500F3714A /* libdl.dylib */ = {isa = PBXFileReference; lastKnownFileType = "compiled.mach-o.dylib"; name = libdl.dylib; path = usr/lib/libdl.dylib; sourceTree = SDKROOT; };
		D93310821A28C05500F3714A /* libdns_services.dylib */ = {isa = PBXFileReference; lastKnownFileType = "compiled.mach-o.dylib"; name = libdns_services.dylib; path = usr/lib/libdns_services.dylib; sourceTree = SDKROOT; };
		D93310831A28C05500F3714A /* libdns_services_mdns.dylib */ = {isa = PBXFileReference; lastKnownFileType = "compiled.mach-o.dylib"; name = libdns_services_mdns.dylib; path = usr/lib/libdns_services_mdns.dylib; sourceTree = SDKROOT; };
		D93310841A28C05500F3714A /* libdyld.dylib */ = {isa = PBXFileReference; lastKnownFileType = "compiled.mach-o.dylib"; name = libdyld.dylib; path = usr/lib/system/libdyld.dylib; sourceTree = SDKROOT; };
		D93310851A28C05500F3714A /* libedit.2.dylib */ = {isa = PBXFileReference; lastKnownFileType = "compiled.mach-o.dylib"; name = libedit.2.dylib; path = usr/lib/libedit.2.dylib; sourceTree = SDKROOT; };
		D93310861A28C05500F3714A /* libedit.3.0.dylib */ = {isa = PBXFileReference; lastKnownFileType = "compiled.mach-o.dylib"; name = libedit.3.0.dylib; path = usr/lib/libedit.3.0.dylib; sourceTree = SDKROOT; };
		D93310871A28C05500F3714A /* libedit.3.dylib */ = {isa = PBXFileReference; lastKnownFileType = "compiled.mach-o.dylib"; name = libedit.3.dylib; path = usr/lib/libedit.3.dylib; sourceTree = SDKROOT; };
		D93310881A28C05500F3714A /* libedit.dylib */ = {isa = PBXFileReference; lastKnownFileType = "compiled.mach-o.dylib"; name = libedit.dylib; path = usr/lib/libedit.dylib; sourceTree = SDKROOT; };
		D93310891A28C05500F3714A /* libexslt.0.dylib */ = {isa = PBXFileReference; lastKnownFileType = "compiled.mach-o.dylib"; name = libexslt.0.dylib; path = usr/lib/libexslt.0.dylib; sourceTree = SDKROOT; };
		D933108A1A28C05500F3714A /* libexslt.dylib */ = {isa = PBXFileReference; lastKnownFileType = "compiled.mach-o.dylib"; name = libexslt.dylib; path = usr/lib/libexslt.dylib; sourceTree = SDKROOT; };
		D933108B1A28C05500F3714A /* libextension.dylib */ = {isa = PBXFileReference; lastKnownFileType = "compiled.mach-o.dylib"; name = libextension.dylib; path = usr/lib/libextension.dylib; sourceTree = SDKROOT; };
		D933108C1A28C05500F3714A /* libform.5.4.dylib */ = {isa = PBXFileReference; lastKnownFileType = "compiled.mach-o.dylib"; name = libform.5.4.dylib; path = usr/lib/libform.5.4.dylib; sourceTree = SDKROOT; };
		D933108D1A28C05500F3714A /* libform.dylib */ = {isa = PBXFileReference; lastKnownFileType = "compiled.mach-o.dylib"; name = libform.dylib; path = usr/lib/libform.dylib; sourceTree = SDKROOT; };
		D933108E1A28C05500F3714A /* libgcc_s.1.dylib */ = {isa = PBXFileReference; lastKnownFileType = "compiled.mach-o.dylib"; name = libgcc_s.1.dylib; path = usr/lib/libgcc_s.1.dylib; sourceTree = SDKROOT; };
		D933108F1A28C05500F3714A /* libgermantok.dylib */ = {isa = PBXFileReference; lastKnownFileType = "compiled.mach-o.dylib"; name = libgermantok.dylib; path = usr/lib/libgermantok.dylib; sourceTree = SDKROOT; };
		D93310901A28C05500F3714A /* libGestureServer.dylib */ = {isa = PBXFileReference; lastKnownFileType = "compiled.mach-o.dylib"; name = libGestureServer.dylib; path = usr/lib/libGestureServer.dylib; sourceTree = SDKROOT; };
		D93310911A28C05500F3714A /* libgll.dylib */ = {isa = PBXFileReference; lastKnownFileType = "compiled.mach-o.dylib"; name = libgll.dylib; path = usr/lib/libgll.dylib; sourceTree = SDKROOT; };
		D93310921A28C05500F3714A /* libH5Dynamic.dylib */ = {isa = PBXFileReference; lastKnownFileType = "compiled.mach-o.dylib"; name = libH5Dynamic.dylib; path = usr/lib/libH5Dynamic.dylib; sourceTree = SDKROOT; };
		D93310931A28C05500F3714A /* libheimdal-asn1.dylib */ = {isa = PBXFileReference; lastKnownFileType = "compiled.mach-o.dylib"; name = "libheimdal-asn1.dylib"; path = "usr/lib/libheimdal-asn1.dylib"; sourceTree = SDKROOT; };
		D93310941A28C05500F3714A /* libiconv.2.4.0.dylib */ = {isa = PBXFileReference; lastKnownFileType = "compiled.mach-o.dylib"; name = libiconv.2.4.0.dylib; path = usr/lib/libiconv.2.4.0.dylib; sourceTree = SDKROOT; };
		D93310951A28C05500F3714A /* libiconv.2.dylib */ = {isa = PBXFileReference; lastKnownFileType = "compiled.mach-o.dylib"; name = libiconv.2.dylib; path = usr/lib/libiconv.2.dylib; sourceTree = SDKROOT; };
		D93310961A28C05500F3714A /* libiconv.dylib */ = {isa = PBXFileReference; lastKnownFileType = "compiled.mach-o.dylib"; name = libiconv.dylib; path = usr/lib/libiconv.dylib; sourceTree = SDKROOT; };
		D93310971A28C05500F3714A /* libicucore.A.dylib */ = {isa = PBXFileReference; lastKnownFileType = "compiled.mach-o.dylib"; name = libicucore.A.dylib; path = usr/lib/libicucore.A.dylib; sourceTree = SDKROOT; };
		D93310981A28C05500F3714A /* libicucore.dylib */ = {isa = PBXFileReference; lastKnownFileType = "compiled.mach-o.dylib"; name = libicucore.dylib; path = usr/lib/libicucore.dylib; sourceTree = SDKROOT; };
		D93310991A28C05500F3714A /* libinfo.dylib */ = {isa = PBXFileReference; lastKnownFileType = "compiled.mach-o.dylib"; name = libinfo.dylib; path = usr/lib/libinfo.dylib; sourceTree = SDKROOT; };
		D933109A1A28C05500F3714A /* libIOAccessoryManager.dylib */ = {isa = PBXFileReference; lastKnownFileType = "compiled.mach-o.dylib"; name = libIOAccessoryManager.dylib; path = usr/lib/libIOAccessoryManager.dylib; sourceTree = SDKROOT; };
		D933109B1A28C05500F3714A /* libipconfig.dylib */ = {isa = PBXFileReference; lastKnownFileType = "compiled.mach-o.dylib"; name = libipconfig.dylib; path = usr/lib/libipconfig.dylib; sourceTree = SDKROOT; };
		D933109C1A28C05500F3714A /* libipsec.A.dylib */ = {isa = PBXFileReference; lastKnownFileType = "compiled.mach-o.dylib"; name = libipsec.A.dylib; path = usr/lib/libipsec.A.dylib; sourceTree = SDKROOT; };
		D933109D1A28C05500F3714A /* libipsec.dylib */ = {isa = PBXFileReference; lastKnownFileType = "compiled.mach-o.dylib"; name = libipsec.dylib; path = usr/lib/libipsec.dylib; sourceTree = SDKROOT; };
		D933109E1A28C05500F3714A /* libkeymgr.dylib */ = {isa = PBXFileReference; lastKnownFileType = "compiled.mach-o.dylib"; name = libkeymgr.dylib; path = usr/lib/system/libkeymgr.dylib; sourceTree = SDKROOT; };
		D933109F1A28C05500F3714A /* libktrace.dylib */ = {isa = PBXFileReference; lastKnownFileType = "compiled.mach-o.dylib"; name = libktrace.dylib; path = usr/lib/libktrace.dylib; sourceTree = SDKROOT; };
		D93310A01A28C05500F3714A /* liblangid.dylib */ = {isa = PBXFileReference; lastKnownFileType = "compiled.mach-o.dylib"; name = liblangid.dylib; path = usr/lib/liblangid.dylib; sourceTree = SDKROOT; };
		D93310A11A28C05500F3714A /* liblaunch.dylib */ = {isa = PBXFileReference; lastKnownFileType = "compiled.mach-o.dylib"; name = liblaunch.dylib; path = usr/lib/system/liblaunch.dylib; sourceTree = SDKROOT; };
		D93310A21A28C05500F3714A /* liblockdown.dylib */ = {isa = PBXFileReference; lastKnownFileType = "compiled.mach-o.dylib"; name = liblockdown.dylib; path = usr/lib/liblockdown.dylib; sourceTree = SDKROOT; };
		D93310A31A28C05500F3714A /* liblzma.5.dylib */ = {isa = PBXFileReference; lastKnownFileType = "compiled.mach-o.dylib"; name = liblzma.5.dylib; path = usr/lib/liblzma.5.dylib; sourceTree = SDKROOT; };
		D93310A41A28C05500F3714A /* liblzma.dylib */ = {isa = PBXFileReference; lastKnownFileType = "compiled.mach-o.dylib"; name = liblzma.dylib; path = usr/lib/liblzma.dylib; sourceTree = SDKROOT; };
		D93310A51A28C05500F3714A /* libm.dylib */ = {isa = PBXFileReference; lastKnownFileType = "compiled.mach-o.dylib"; name = libm.dylib; path = usr/lib/libm.dylib; sourceTree = SDKROOT; };
		D93310A61A28C05500F3714A /* libmacho.dylib */ = {isa = PBXFileReference; lastKnownFileType = "compiled.mach-o.dylib"; name = libmacho.dylib; path = usr/lib/system/libmacho.dylib; sourceTree = SDKROOT; };
		D93310A71A28C05500F3714A /* libMatch.1.dylib */ = {isa = PBXFileReference; lastKnownFileType = "compiled.mach-o.dylib"; name = libMatch.1.dylib; path = usr/lib/libMatch.1.dylib; sourceTree = SDKROOT; };
		D93310A81A28C05500F3714A /* libMatch.dylib */ = {isa = PBXFileReference; lastKnownFileType = "compiled.mach-o.dylib"; name = libMatch.dylib; path = usr/lib/libMatch.dylib; sourceTree = SDKROOT; };
		D93310A91A28C05500F3714A /* libmav_ipc_router_dynamic.dylib */ = {isa = PBXFileReference; lastKnownFileType = "compiled.mach-o.dylib"; name = libmav_ipc_router_dynamic.dylib; path = usr/lib/libmav_ipc_router_dynamic.dylib; sourceTree = SDKROOT; };
		D93310AA1A28C05500F3714A /* libmecab_em.dylib */ = {isa = PBXFileReference; lastKnownFileType = "compiled.mach-o.dylib"; name = libmecab_em.dylib; path = usr/lib/libmecab_em.dylib; sourceTree = SDKROOT; };
		D93310AB1A28C05500F3714A /* libmecabra.dylib */ = {isa = PBXFileReference; lastKnownFileType = "compiled.mach-o.dylib"; name = libmecabra.dylib; path = usr/lib/libmecabra.dylib; sourceTree = SDKROOT; };
		D93310AC1A28C05500F3714A /* libmis.dylib */ = {isa = PBXFileReference; lastKnownFileType = "compiled.mach-o.dylib"; name = libmis.dylib; path = usr/lib/libmis.dylib; sourceTree = SDKROOT; };
		D93310AD1A28C05500F3714A /* libMobileCheckpoint.dylib */ = {isa = PBXFileReference; lastKnownFileType = "compiled.mach-o.dylib"; name = libMobileCheckpoint.dylib; path = usr/lib/libMobileCheckpoint.dylib; sourceTree = SDKROOT; };
		D93310AE1A28C05500F3714A /* libMobileGestalt.dylib */ = {isa = PBXFileReference; lastKnownFileType = "compiled.mach-o.dylib"; name = libMobileGestalt.dylib; path = usr/lib/libMobileGestalt.dylib; sourceTree = SDKROOT; };
		D93310AF1A28C05500F3714A /* libMobileGestaltExtensions.dylib */ = {isa = PBXFileReference; lastKnownFileType = "compiled.mach-o.dylib"; name = libMobileGestaltExtensions.dylib; path = usr/lib/libMobileGestaltExtensions.dylib; sourceTree = SDKROOT; };
		D93310B01A28C05500F3714A /* libncurses.5.4.dylib */ = {isa = PBXFileReference; lastKnownFileType = "compiled.mach-o.dylib"; name = libncurses.5.4.dylib; path = usr/lib/libncurses.5.4.dylib; sourceTree = SDKROOT; };
		D93310B11A28C05500F3714A /* libncurses.dylib */ = {isa = PBXFileReference; lastKnownFileType = "compiled.mach-o.dylib"; name = libncurses.dylib; path = usr/lib/libncurses.dylib; sourceTree = SDKROOT; };
		D93310B21A28C05500F3714A /* libnfshared.dylib */ = {isa = PBXFileReference; lastKnownFileType = "compiled.mach-o.dylib"; name = libnfshared.dylib; path = usr/lib/libnfshared.dylib; sourceTree = SDKROOT; };
		D93310B31A28C05500F3714A /* libobjc.A.dylib */ = {isa = PBXFileReference; lastKnownFileType = "compiled.mach-o.dylib"; name = libobjc.A.dylib; path = usr/lib/libobjc.A.dylib; sourceTree = SDKROOT; };
		D93310B41A28C05500F3714A /* libobjc.dylib */ = {isa = PBXFileReference; lastKnownFileType = "compiled.mach-o.dylib"; name = libobjc.dylib; path = usr/lib/libobjc.dylib; sourceTree = SDKROOT; };
		D93310B51A28C05500F3714A /* libomadm.dylib */ = {isa = PBXFileReference; lastKnownFileType = "compiled.mach-o.dylib"; name = libomadm.dylib; path = usr/lib/libomadm.dylib; sourceTree = SDKROOT; };
		D93310B61A28C05500F3714A /* libpoll.dylib */ = {isa = PBXFileReference; lastKnownFileType = "compiled.mach-o.dylib"; name = libpoll.dylib; path = usr/lib/libpoll.dylib; sourceTree = SDKROOT; };
		D93310B71A28C05500F3714A /* libproc.dylib */ = {isa = PBXFileReference; lastKnownFileType = "compiled.mach-o.dylib"; name = libproc.dylib; path = usr/lib/libproc.dylib; sourceTree = SDKROOT; };
		D93310B81A28C05500F3714A /* libprotobuf.dylib */ = {isa = PBXFileReference; lastKnownFileType = "compiled.mach-o.dylib"; name = libprotobuf.dylib; path = usr/lib/libprotobuf.dylib; sourceTree = SDKROOT; };
		D93310B91A28C05500F3714A /* libpthread.dylib */ = {isa = PBXFileReference; lastKnownFileType = "compiled.mach-o.dylib"; name = libpthread.dylib; path = usr/lib/libpthread.dylib; sourceTree = SDKROOT; };
		D93310BA1A28C05500F3714A /* libQLCharts.dylib */ = {isa = PBXFileReference; lastKnownFileType = "compiled.mach-o.dylib"; name = libQLCharts.dylib; path = usr/lib/libQLCharts.dylib; sourceTree = SDKROOT; };
		D93310BB1A28C05500F3714A /* libremovefile.dylib */ = {isa = PBXFileReference; lastKnownFileType = "compiled.mach-o.dylib"; name = libremovefile.dylib; path = usr/lib/system/libremovefile.dylib; sourceTree = SDKROOT; };
		D93310BC1A28C05500F3714A /* libresolv.9.dylib */ = {isa = PBXFileReference; lastKnownFileType = "compiled.mach-o.dylib"; name = libresolv.9.dylib; path = usr/lib/libresolv.9.dylib; sourceTree = SDKROOT; };
		D93310BD1A28C05500F3714A /* libresolv.dylib */ = {isa = PBXFileReference; lastKnownFileType = "compiled.mach-o.dylib"; name = libresolv.dylib; path = usr/lib/libresolv.dylib; sourceTree = SDKROOT; };
		D93310BE1A28C05500F3714A /* librpcsvc.dylib */ = {isa = PBXFileReference; lastKnownFileType = "compiled.mach-o.dylib"; name = librpcsvc.dylib; path = usr/lib/librpcsvc.dylib; sourceTree = SDKROOT; };
		D93310BF1A28C05500F3714A /* libsandbox.1.dylib */ = {isa = PBXFileReference; lastKnownFileType = "compiled.mach-o.dylib"; name = libsandbox.1.dylib; path = usr/lib/libsandbox.1.dylib; sourceTree = SDKROOT; };
		D93310C01A28C05500F3714A /* libsandbox.dylib */ = {isa = PBXFileReference; lastKnownFileType = "compiled.mach-o.dylib"; name = libsandbox.dylib; path = usr/lib/libsandbox.dylib; sourceTree = SDKROOT; };
		D93310C11A28C05500F3714A /* libsp.dylib */ = {isa = PBXFileReference; lastKnownFileType = "compiled.mach-o.dylib"; name = libsp.dylib; path = usr/lib/libsp.dylib; sourceTree = SDKROOT; };
		D93310C21A28C05500F3714A /* libsqlite3.0.dylib */ = {isa = PBXFileReference; lastKnownFileType = "compiled.mach-o.dylib"; name = libsqlite3.0.dylib; path = usr/lib/libsqlite3.0.dylib; sourceTree = SDKROOT; };
		D93310C31A28C05500F3714A /* libsqlite3.dylib */ = {isa = PBXFileReference; lastKnownFileType = "compiled.mach-o.dylib"; name = libsqlite3.dylib; path = usr/lib/libsqlite3.dylib; sourceTree = SDKROOT; };
		D93310C41A28C05500F3714A /* libstdc++.6.0.9.dylib */ = {isa = PBXFileReference; lastKnownFileType = "compiled.mach-o.dylib"; name = "libstdc++.6.0.9.dylib"; path = "usr/lib/libstdc++.6.0.9.dylib"; sourceTree = SDKROOT; };
		D93310C51A28C05500F3714A /* libstdc++.6.dylib */ = {isa = PBXFileReference; lastKnownFileType = "compiled.mach-o.dylib"; name = "libstdc++.6.dylib"; path = "usr/lib/libstdc++.6.dylib"; sourceTree = SDKROOT; };
		D93310C61A28C05500F3714A /* libstdc++.dylib */ = {isa = PBXFileReference; lastKnownFileType = "compiled.mach-o.dylib"; name = "libstdc++.dylib"; path = "usr/lib/libstdc++.dylib"; sourceTree = SDKROOT; };
		D93310C71A28C05500F3714A /* libSystem.B.dylib */ = {isa = PBXFileReference; lastKnownFileType = "compiled.mach-o.dylib"; name = libSystem.B.dylib; path = usr/lib/libSystem.B.dylib; sourceTree = SDKROOT; };
		D93310C81A28C05500F3714A /* libSystem.dylib */ = {isa = PBXFileReference; lastKnownFileType = "compiled.mach-o.dylib"; name = libSystem.dylib; path = usr/lib/libSystem.dylib; sourceTree = SDKROOT; };
		D93310C91A28C05500F3714A /* libsystem_asl.dylib */ = {isa = PBXFileReference; lastKnownFileType = "compiled.mach-o.dylib"; name = libsystem_asl.dylib; path = usr/lib/system/libsystem_asl.dylib; sourceTree = SDKROOT; };
		D93310CA1A28C05500F3714A /* libsystem_blocks.dylib */ = {isa = PBXFileReference; lastKnownFileType = "compiled.mach-o.dylib"; name = libsystem_blocks.dylib; path = usr/lib/system/libsystem_blocks.dylib; sourceTree = SDKROOT; };
		D93310CB1A28C05500F3714A /* libsystem_c.dylib */ = {isa = PBXFileReference; lastKnownFileType = "compiled.mach-o.dylib"; name = libsystem_c.dylib; path = usr/lib/system/libsystem_c.dylib; sourceTree = SDKROOT; };
		D93310CC1A28C05500F3714A /* libsystem_configuration.dylib */ = {isa = PBXFileReference; lastKnownFileType = "compiled.mach-o.dylib"; name = libsystem_configuration.dylib; path = usr/lib/system/libsystem_configuration.dylib; sourceTree = SDKROOT; };
		D93310CD1A28C05500F3714A /* libsystem_coreservices.dylib */ = {isa = PBXFileReference; lastKnownFileType = "compiled.mach-o.dylib"; name = libsystem_coreservices.dylib; path = usr/lib/system/libsystem_coreservices.dylib; sourceTree = SDKROOT; };
		D93310CE1A28C05500F3714A /* libsystem_coretls.dylib */ = {isa = PBXFileReference; lastKnownFileType = "compiled.mach-o.dylib"; name = libsystem_coretls.dylib; path = usr/lib/system/libsystem_coretls.dylib; sourceTree = SDKROOT; };
		D93310CF1A28C05500F3714A /* libsystem_dnssd.dylib */ = {isa = PBXFileReference; lastKnownFileType = "compiled.mach-o.dylib"; name = libsystem_dnssd.dylib; path = usr/lib/system/libsystem_dnssd.dylib; sourceTree = SDKROOT; };
		D93310D01A28C05500F3714A /* libsystem_info.dylib */ = {isa = PBXFileReference; lastKnownFileType = "compiled.mach-o.dylib"; name = libsystem_info.dylib; path = usr/lib/system/libsystem_info.dylib; sourceTree = SDKROOT; };
		D93310D11A28C05500F3714A /* libsystem_kernel.dylib */ = {isa = PBXFileReference; lastKnownFileType = "compiled.mach-o.dylib"; name = libsystem_kernel.dylib; path = usr/lib/system/libsystem_kernel.dylib; sourceTree = SDKROOT; };
		D93310D21A28C05500F3714A /* libsystem_m.dylib */ = {isa = PBXFileReference; lastKnownFileType = "compiled.mach-o.dylib"; name = libsystem_m.dylib; path = usr/lib/system/libsystem_m.dylib; sourceTree = SDKROOT; };
		D93310D31A28C05500F3714A /* libsystem_malloc.dylib */ = {isa = PBXFileReference; lastKnownFileType = "compiled.mach-o.dylib"; name = libsystem_malloc.dylib; path = usr/lib/system/libsystem_malloc.dylib; sourceTree = SDKROOT; };
		D93310D41A28C05500F3714A /* libsystem_network.dylib */ = {isa = PBXFileReference; lastKnownFileType = "compiled.mach-o.dylib"; name = libsystem_network.dylib; path = usr/lib/system/libsystem_network.dylib; sourceTree = SDKROOT; };
		D93310D51A28C05500F3714A /* libsystem_networkextension.dylib */ = {isa = PBXFileReference; lastKnownFileType = "compiled.mach-o.dylib"; name = libsystem_networkextension.dylib; path = usr/lib/system/libsystem_networkextension.dylib; sourceTree = SDKROOT; };
		D93310D61A28C05500F3714A /* libsystem_notify.dylib */ = {isa = PBXFileReference; lastKnownFileType = "compiled.mach-o.dylib"; name = libsystem_notify.dylib; path = usr/lib/system/libsystem_notify.dylib; sourceTree = SDKROOT; };
		D93310D71A28C05500F3714A /* libsystem_platform.dylib */ = {isa = PBXFileReference; lastKnownFileType = "compiled.mach-o.dylib"; name = libsystem_platform.dylib; path = usr/lib/system/libsystem_platform.dylib; sourceTree = SDKROOT; };
		D93310D81A28C05500F3714A /* libsystem_pthread.dylib */ = {isa = PBXFileReference; lastKnownFileType = "compiled.mach-o.dylib"; name = libsystem_pthread.dylib; path = usr/lib/system/libsystem_pthread.dylib; sourceTree = SDKROOT; };
		D93310D91A28C05500F3714A /* libsystem_sandbox.dylib */ = {isa = PBXFileReference; lastKnownFileType = "compiled.mach-o.dylib"; name = libsystem_sandbox.dylib; path = usr/lib/system/libsystem_sandbox.dylib; sourceTree = SDKROOT; };
		D93310DA1A28C05500F3714A /* libsystem_stats.dylib */ = {isa = PBXFileReference; lastKnownFileType = "compiled.mach-o.dylib"; name = libsystem_stats.dylib; path = usr/lib/system/libsystem_stats.dylib; sourceTree = SDKROOT; };
		D93310DB1A28C05500F3714A /* libsystem_trace.dylib */ = {isa = PBXFileReference; lastKnownFileType = "compiled.mach-o.dylib"; name = libsystem_trace.dylib; path = usr/lib/system/libsystem_trace.dylib; sourceTree = SDKROOT; };
		D93310DC1A28C05500F3714A /* libTelephonyBasebandBulkUSBDynamic.dylib */ = {isa = PBXFileReference; lastKnownFileType = "compiled.mach-o.dylib"; name = libTelephonyBasebandBulkUSBDynamic.dylib; path = usr/lib/libTelephonyBasebandBulkUSBDynamic.dylib; sourceTree = SDKROOT; };
		D93310DD1A28C05500F3714A /* libTelephonyBasebandDynamic.dylib */ = {isa = PBXFileReference; lastKnownFileType = "compiled.mach-o.dylib"; name = libTelephonyBasebandDynamic.dylib; path = usr/lib/libTelephonyBasebandDynamic.dylib; sourceTree = SDKROOT; };
		D93310DE1A28C05500F3714A /* libTelephonyDebugDynamic.dylib */ = {isa = PBXFileReference; lastKnownFileType = "compiled.mach-o.dylib"; name = libTelephonyDebugDynamic.dylib; path = usr/lib/libTelephonyDebugDynamic.dylib; sourceTree = SDKROOT; };
		D93310DF1A28C05500F3714A /* libTelephonyIOKitDynamic.dylib */ = {isa = PBXFileReference; lastKnownFileType = "compiled.mach-o.dylib"; name = libTelephonyIOKitDynamic.dylib; path = usr/lib/libTelephonyIOKitDynamic.dylib; sourceTree = SDKROOT; };
		D93310E01A28C05500F3714A /* libTelephonyUSBDynamic.dylib */ = {isa = PBXFileReference; lastKnownFileType = "compiled.mach-o.dylib"; name = libTelephonyUSBDynamic.dylib; path = usr/lib/libTelephonyUSBDynamic.dylib; sourceTree = SDKROOT; };
		D93310E11A28C05500F3714A /* libTelephonyUtilDynamic.dylib */ = {isa = PBXFileReference; lastKnownFileType = "compiled.mach-o.dylib"; name = libTelephonyUtilDynamic.dylib; path = usr/lib/libTelephonyUtilDynamic.dylib; sourceTree = SDKROOT; };
		D93310E21A28C05500F3714A /* libThaiTokenizer.dylib */ = {isa = PBXFileReference; lastKnownFileType = "compiled.mach-o.dylib"; name = libThaiTokenizer.dylib; path = usr/lib/libThaiTokenizer.dylib; sourceTree = SDKROOT; };
		D93310E31A28C05500F3714A /* libtidy.A.dylib */ = {isa = PBXFileReference; lastKnownFileType = "compiled.mach-o.dylib"; name = libtidy.A.dylib; path = usr/lib/libtidy.A.dylib; sourceTree = SDKROOT; };
		D93310E41A28C05500F3714A /* libtidy.dylib */ = {isa = PBXFileReference; lastKnownFileType = "compiled.mach-o.dylib"; name = libtidy.dylib; path = usr/lib/libtidy.dylib; sourceTree = SDKROOT; };
		D93310E51A28C05500F3714A /* libType2Streamer.dylib */ = {isa = PBXFileReference; lastKnownFileType = "compiled.mach-o.dylib"; name = libType2Streamer.dylib; path = usr/lib/libType2Streamer.dylib; sourceTree = SDKROOT; };
		D93310E61A28C05500F3714A /* libtzupdate.dylib */ = {isa = PBXFileReference; lastKnownFileType = "compiled.mach-o.dylib"; name = libtzupdate.dylib; path = usr/lib/libtzupdate.dylib; sourceTree = SDKROOT; };
		D93310E71A28C05500F3714A /* libunwind.dylib */ = {isa = PBXFileReference; lastKnownFileType = "compiled.mach-o.dylib"; name = libunwind.dylib; path = usr/lib/system/libunwind.dylib; sourceTree = SDKROOT; };
		D93310E81A28C05500F3714A /* libutil.dylib */ = {isa = PBXFileReference; lastKnownFileType = "compiled.mach-o.dylib"; name = libutil.dylib; path = usr/lib/libutil.dylib; sourceTree = SDKROOT; };
		D93310E91A28C05500F3714A /* libutil1.0.dylib */ = {isa = PBXFileReference; lastKnownFileType = "compiled.mach-o.dylib"; name = libutil1.0.dylib; path = usr/lib/libutil1.0.dylib; sourceTree = SDKROOT; };
		D93310EA1A28C05500F3714A /* libWAPI.dylib */ = {isa = PBXFileReference; lastKnownFileType = "compiled.mach-o.dylib"; name = libWAPI.dylib; path = usr/lib/libWAPI.dylib; sourceTree = SDKROOT; };
		D93310EB1A28C05500F3714A /* libxml2.2.dylib */ = {isa = PBXFileReference; lastKnownFileType = "compiled.mach-o.dylib"; name = libxml2.2.dylib; path = usr/lib/libxml2.2.dylib; sourceTree = SDKROOT; };
		D93310EC1A28C05500F3714A /* libxml2.dylib */ = {isa = PBXFileReference; lastKnownFileType = "compiled.mach-o.dylib"; name = libxml2.dylib; path = usr/lib/libxml2.dylib; sourceTree = SDKROOT; };
		D93310ED1A28C05500F3714A /* libxpc.dylib */ = {isa = PBXFileReference; lastKnownFileType = "compiled.mach-o.dylib"; name = libxpc.dylib; path = usr/lib/system/libxpc.dylib; sourceTree = SDKROOT; };
		D93310EE1A28C05500F3714A /* libxslt.1.dylib */ = {isa = PBXFileReference; lastKnownFileType = "compiled.mach-o.dylib"; name = libxslt.1.dylib; path = usr/lib/libxslt.1.dylib; sourceTree = SDKROOT; };
		D93310EF1A28C05500F3714A /* libxslt.dylib */ = {isa = PBXFileReference; lastKnownFileType = "compiled.mach-o.dylib"; name = libxslt.dylib; path = usr/lib/libxslt.dylib; sourceTree = SDKROOT; };
		D93310F01A28C05500F3714A /* libz.1.1.3.dylib */ = {isa = PBXFileReference; lastKnownFileType = "compiled.mach-o.dylib"; name = libz.1.1.3.dylib; path = usr/lib/libz.1.1.3.dylib; sourceTree = SDKROOT; };
		D93310F11A28C05500F3714A /* libz.1.2.5.dylib */ = {isa = PBXFileReference; lastKnownFileType = "compiled.mach-o.dylib"; name = libz.1.2.5.dylib; path = usr/lib/libz.1.2.5.dylib; sourceTree = SDKROOT; };
		D93310F21A28C05500F3714A /* libz.1.dylib */ = {isa = PBXFileReference; lastKnownFileType = "compiled.mach-o.dylib"; name = libz.1.dylib; path = usr/lib/libz.1.dylib; sourceTree = SDKROOT; };
		D93310F31A28C05500F3714A /* libz.dylib */ = {isa = PBXFileReference; lastKnownFileType = "compiled.mach-o.dylib"; name = libz.dylib; path = usr/lib/libz.dylib; sourceTree = SDKROOT; };
		D93310F41A28C05500F3714A /* LocalAuthentication.framework */ = {isa = PBXFileReference; lastKnownFileType = wrapper.framework; name = LocalAuthentication.framework; path = System/Library/Frameworks/LocalAuthentication.framework; sourceTree = SDKROOT; };
		D93310F51A28C05500F3714A /* MapKit.framework */ = {isa = PBXFileReference; lastKnownFileType = wrapper.framework; name = MapKit.framework; path = System/Library/Frameworks/MapKit.framework; sourceTree = SDKROOT; };
		D93310F61A28C05500F3714A /* MediaAccessibility.framework */ = {isa = PBXFileReference; lastKnownFileType = wrapper.framework; name = MediaAccessibility.framework; path = System/Library/Frameworks/MediaAccessibility.framework; sourceTree = SDKROOT; };
		D93310F71A28C05500F3714A /* MediaPlayer.framework */ = {isa = PBXFileReference; lastKnownFileType = wrapper.framework; name = MediaPlayer.framework; path = System/Library/Frameworks/MediaPlayer.framework; sourceTree = SDKROOT; };
		D93310F81A28C05500F3714A /* MediaToolbox.framework */ = {isa = PBXFileReference; lastKnownFileType = wrapper.framework; name = MediaToolbox.framework; path = System/Library/Frameworks/MediaToolbox.framework; sourceTree = SDKROOT; };
		D93310F91A28C05500F3714A /* MessageUI.framework */ = {isa = PBXFileReference; lastKnownFileType = wrapper.framework; name = MessageUI.framework; path = System/Library/Frameworks/MessageUI.framework; sourceTree = SDKROOT; };
		D93310FA1A28C05500F3714A /* Metal.framework */ = {isa = PBXFileReference; lastKnownFileType = wrapper.framework; name = Metal.framework; path = System/Library/Frameworks/Metal.framework; sourceTree = SDKROOT; };
		D93310FB1A28C05500F3714A /* MobileCoreServices.framework */ = {isa = PBXFileReference; lastKnownFileType = wrapper.framework; name = MobileCoreServices.framework; path = System/Library/Frameworks/MobileCoreServices.framework; sourceTree = SDKROOT; };
		D93310FC1A28C05500F3714A /* MultipeerConnectivity.framework */ = {isa = PBXFileReference; lastKnownFileType = wrapper.framework; name = MultipeerConnectivity.framework; path = System/Library/Frameworks/MultipeerConnectivity.framework; sourceTree = SDKROOT; };
		D93310FD1A28C05500F3714A /* NetworkExtension.framework */ = {isa = PBXFileReference; lastKnownFileType = wrapper.framework; name = NetworkExtension.framework; path = System/Library/Frameworks/NetworkExtension.framework; sourceTree = SDKROOT; };
		D93310FE1A28C05500F3714A /* NewsstandKit.framework */ = {isa = PBXFileReference; lastKnownFileType = wrapper.framework; name = NewsstandKit.framework; path = System/Library/Frameworks/NewsstandKit.framework; sourceTree = SDKROOT; };
		D93310FF1A28C05500F3714A /* NotificationCenter.framework */ = {isa = PBXFileReference; lastKnownFileType = wrapper.framework; name = NotificationCenter.framework; path = System/Library/Frameworks/NotificationCenter.framework; sourceTree = SDKROOT; };
		D93311001A28C05500F3714A /* OpenAL.framework */ = {isa = PBXFileReference; lastKnownFileType = wrapper.framework; name = OpenAL.framework; path = System/Library/Frameworks/OpenAL.framework; sourceTree = SDKROOT; };
		D93311011A28C05500F3714A /* OpenGLES.framework */ = {isa = PBXFileReference; lastKnownFileType = wrapper.framework; name = OpenGLES.framework; path = System/Library/Frameworks/OpenGLES.framework; sourceTree = SDKROOT; };
		D93311021A28C05500F3714A /* PassKit.framework */ = {isa = PBXFileReference; lastKnownFileType = wrapper.framework; name = PassKit.framework; path = System/Library/Frameworks/PassKit.framework; sourceTree = SDKROOT; };
		D93311031A28C05500F3714A /* Photos.framework */ = {isa = PBXFileReference; lastKnownFileType = wrapper.framework; name = Photos.framework; path = System/Library/Frameworks/Photos.framework; sourceTree = SDKROOT; };
		D93311041A28C05500F3714A /* PhotosUI.framework */ = {isa = PBXFileReference; lastKnownFileType = wrapper.framework; name = PhotosUI.framework; path = System/Library/Frameworks/PhotosUI.framework; sourceTree = SDKROOT; };
		D93311051A28C05500F3714A /* PushKit.framework */ = {isa = PBXFileReference; lastKnownFileType = wrapper.framework; name = PushKit.framework; path = System/Library/Frameworks/PushKit.framework; sourceTree = SDKROOT; };
		D93311061A28C05500F3714A /* QuartzCore.framework */ = {isa = PBXFileReference; lastKnownFileType = wrapper.framework; name = QuartzCore.framework; path = System/Library/Frameworks/QuartzCore.framework; sourceTree = SDKROOT; };
		D93311071A28C05500F3714A /* QuickLook.framework */ = {isa = PBXFileReference; lastKnownFileType = wrapper.framework; name = QuickLook.framework; path = System/Library/Frameworks/QuickLook.framework; sourceTree = SDKROOT; };
		D93311081A28C05500F3714A /* SafariServices.framework */ = {isa = PBXFileReference; lastKnownFileType = wrapper.framework; name = SafariServices.framework; path = System/Library/Frameworks/SafariServices.framework; sourceTree = SDKROOT; };
		D93311091A28C05500F3714A /* SceneKit.framework */ = {isa = PBXFileReference; lastKnownFileType = wrapper.framework; name = SceneKit.framework; path = System/Library/Frameworks/SceneKit.framework; sourceTree = SDKROOT; };
		D933110A1A28C05500F3714A /* Security.framework */ = {isa = PBXFileReference; lastKnownFileType = wrapper.framework; name = Security.framework; path = System/Library/Frameworks/Security.framework; sourceTree = SDKROOT; };
		D933110B1A28C05500F3714A /* Social.framework */ = {isa = PBXFileReference; lastKnownFileType = wrapper.framework; name = Social.framework; path = System/Library/Frameworks/Social.framework; sourceTree = SDKROOT; };
		D933110C1A28C05500F3714A /* SpriteKit.framework */ = {isa = PBXFileReference; lastKnownFileType = wrapper.framework; name = SpriteKit.framework; path = System/Library/Frameworks/SpriteKit.framework; sourceTree = SDKROOT; };
		D933110D1A28C05500F3714A /* StoreKit.framework */ = {isa = PBXFileReference; lastKnownFileType = wrapper.framework; name = StoreKit.framework; path = System/Library/Frameworks/StoreKit.framework; sourceTree = SDKROOT; };
		D933110E1A28C05500F3714A /* SystemConfiguration.framework */ = {isa = PBXFileReference; lastKnownFileType = wrapper.framework; name = SystemConfiguration.framework; path = System/Library/Frameworks/SystemConfiguration.framework; sourceTree = SDKROOT; };
		D933110F1A28C05500F3714A /* Twitter.framework */ = {isa = PBXFileReference; lastKnownFileType = wrapper.framework; name = Twitter.framework; path = System/Library/Frameworks/Twitter.framework; sourceTree = SDKROOT; };
		D93311101A28C05500F3714A /* UIKit.framework */ = {isa = PBXFileReference; lastKnownFileType = wrapper.framework; name = UIKit.framework; path = System/Library/Frameworks/UIKit.framework; sourceTree = SDKROOT; };
		D93311111A28C05500F3714A /* VideoToolbox.framework */ = {isa = PBXFileReference; lastKnownFileType = wrapper.framework; name = VideoToolbox.framework; path = System/Library/Frameworks/VideoToolbox.framework; sourceTree = SDKROOT; };
		D93311121A28C05500F3714A /* WebKit.framework */ = {isa = PBXFileReference; lastKnownFileType = wrapper.framework; name = WebKit.framework; path = System/Library/Frameworks/WebKit.framework; sourceTree = SDKROOT; };
		D93311131A28C05600F3714A /* DTPerformanceSession.framework */ = {isa = PBXFileReference; lastKnownFileType = wrapper.framework; name = DTPerformanceSession.framework; path = Library/Frameworks/DTPerformanceSession.framework; sourceTree = DEVELOPER_DIR; };
		D93311141A28C05600F3714A /* InterfaceBuilderKit.framework */ = {isa = PBXFileReference; lastKnownFileType = wrapper.framework; name = InterfaceBuilderKit.framework; path = Library/Frameworks/InterfaceBuilderKit.framework; sourceTree = DEVELOPER_DIR; };
		D93311151A28C05600F3714A /* SenTestingKit.framework */ = {isa = PBXFileReference; lastKnownFileType = wrapper.framework; name = SenTestingKit.framework; path = Library/Frameworks/SenTestingKit.framework; sourceTree = DEVELOPER_DIR; };
		D94BDB021A27CA0E009F69FB /* Morpion.app */ = {isa = PBXFileReference; explicitFileType = wrapper.application; includeInIndex = 0; path = Morpion.app; sourceTree = BUILT_PRODUCTS_DIR; };
		D94BDB061A27CA0E009F69FB /* Info.plist */ = {isa = PBXFileReference; lastKnownFileType = text.plist.xml; path = Info.plist; sourceTree = "<group>"; };
		D94BDB071A27CA0E009F69FB /* AppDelegate.swift */ = {isa = PBXFileReference; lastKnownFileType = sourcecode.swift; path = AppDelegate.swift; sourceTree = "<group>"; };
		D94BDB091A27CA0E009F69FB /* ViewController.swift */ = {isa = PBXFileReference; lastKnownFileType = sourcecode.swift; path = ViewController.swift; sourceTree = "<group>"; };
		D94BDB0C1A27CA0E009F69FB /* Base */ = {isa = PBXFileReference; lastKnownFileType = file.storyboard; name = Base; path = Base.lproj/Main.storyboard; sourceTree = "<group>"; };
		D94BDB0E1A27CA0E009F69FB /* Images.xcassets */ = {isa = PBXFileReference; lastKnownFileType = folder.assetcatalog; path = Images.xcassets; sourceTree = "<group>"; };
		D94BDB111A27CA0E009F69FB /* Base */ = {isa = PBXFileReference; lastKnownFileType = file.xib; name = Base; path = Base.lproj/LaunchScreen.xib; sourceTree = "<group>"; };
		D94BDB171A27CA0E009F69FB /* MorpionTests.xctest */ = {isa = PBXFileReference; explicitFileType = wrapper.cfbundle; includeInIndex = 0; path = MorpionTests.xctest; sourceTree = BUILT_PRODUCTS_DIR; };
		D94BDB1C1A27CA0E009F69FB /* Info.plist */ = {isa = PBXFileReference; lastKnownFileType = text.plist.xml; path = Info.plist; sourceTree = "<group>"; };
		D94BDB1D1A27CA0E009F69FB /* MorpionTests.swift */ = {isa = PBXFileReference; lastKnownFileType = sourcecode.swift; path = MorpionTests.swift; sourceTree = "<group>"; };
		D94BDB271A27E18D009F69FB /* MorpionImageView.swift */ = {isa = PBXFileReference; fileEncoding = 4; lastKnownFileType = sourcecode.swift; path = MorpionImageView.swift; sourceTree = "<group>"; };
		D94BDB291A27E43B009F69FB /* MPCHandler.swift */ = {isa = PBXFileReference; fileEncoding = 4; lastKnownFileType = sourcecode.swift; path = MPCHandler.swift; sourceTree = "<group>"; };
/* End PBXFileReference section */

/* Begin PBXFrameworksBuildPhase section */
		D94BDAFF1A27CA0E009F69FB /* Frameworks */ = {
			isa = PBXFrameworksBuildPhase;
			buildActionMask = 2147483647;
			files = (
			);
			runOnlyForDeploymentPostprocessing = 0;
		};
		D94BDB141A27CA0E009F69FB /* Frameworks */ = {
			isa = PBXFrameworksBuildPhase;
			buildActionMask = 2147483647;
			files = (
			);
			runOnlyForDeploymentPostprocessing = 0;
		};
/* End PBXFrameworksBuildPhase section */

/* Begin PBXGroup section */
		D93310071A28BAA700F3714A /* Products */ = {
			isa = PBXGroup;
			name = Products;
			sourceTree = "<group>";
		};
		D94BDAF91A27CA0E009F69FB = {
			isa = PBXGroup;
			children = (
				D933100B1A28C05400F3714A /* Accelerate.framework */,
				D933100C1A28C05400F3714A /* Accounts.framework */,
				D933100D1A28C05400F3714A /* AddressBook.framework */,
				D933100E1A28C05400F3714A /* AddressBookUI.framework */,
				D933100F1A28C05400F3714A /* AdSupport.framework */,
				D93310101A28C05400F3714A /* AssetsLibrary.framework */,
				D93310111A28C05400F3714A /* AudioToolbox.framework */,
				D93310121A28C05400F3714A /* AudioUnit.framework */,
				D93310131A28C05400F3714A /* AVFoundation.framework */,
				D93310141A28C05400F3714A /* AVKit.framework */,
				D93310151A28C05400F3714A /* bundle1.o */,
				D93310161A28C05400F3714A /* CarrierBundleUtilities.dylib */,
				D93310171A28C05400F3714A /* CFNetwork.framework */,
				D93310181A28C05400F3714A /* CloudKit.framework */,
				D93310191A28C05400F3714A /* CoreAudio.framework */,
				D933101A1A28C05400F3714A /* CoreAudioKit.framework */,
				D933101B1A28C05400F3714A /* CoreBluetooth.framework */,
				D933101C1A28C05400F3714A /* CoreData.framework */,
				D933101D1A28C05400F3714A /* CoreFoundation.framework */,
				D933101E1A28C05400F3714A /* CoreGraphics.framework */,
				D933101F1A28C05400F3714A /* CoreImage.framework */,
				D93310201A28C05400F3714A /* CoreLocation.framework */,
				D93310211A28C05400F3714A /* CoreMedia.framework */,
				D93310221A28C05400F3714A /* CoreMIDI.framework */,
				D93310231A28C05400F3714A /* CoreMotion.framework */,
				D93310241A28C05400F3714A /* CoreTelephony.framework */,
				D93310251A28C05400F3714A /* CoreText.framework */,
				D93310261A28C05400F3714A /* CoreVideo.framework */,
				D93310271A28C05400F3714A /* crt1.3.1.o */,
				D93310281A28C05400F3714A /* crt1.o */,
				D93310291A28C05400F3714A /* dylib1.o */,
				D933102A1A28C05400F3714A /* EventKit.framework */,
				D933102B1A28C05400F3714A /* EventKitUI.framework */,
				D933102C1A28C05400F3714A /* ExternalAccessory.framework */,
				D933102D1A28C05400F3714A /* Foundation.framework */,
				D933102E1A28C05400F3714A /* GameController.framework */,
				D933102F1A28C05400F3714A /* GameKit.framework */,
				D93310301A28C05400F3714A /* gcrt1.o */,
				D93310311A28C05400F3714A /* GLKit.framework */,
				D93310321A28C05400F3714A /* GSS.framework */,
				D93310331A28C05400F3714A /* HealthKit.framework */,
				D93310341A28C05400F3714A /* HomeKit.framework */,
				D93310351A28C05400F3714A /* iAd.framework */,
				D93310361A28C05400F3714A /* ImageIO.framework */,
				D93310371A28C05400F3714A /* JavaScriptCore.framework */,
				D93310381A28C05400F3714A /* lazydylib1.o */,
				D93310391A28C05400F3714A /* libAccessibility.dylib */,
				D933103A1A28C05400F3714A /* libacmobileshim.dylib */,
				D933103B1A28C05400F3714A /* libafc.dylib */,
				D933103C1A28C05400F3714A /* libamsupport.dylib */,
				D933103D1A28C05400F3714A /* libAppPatch.dylib */,
				D933103E1A28C05400F3714A /* libarchive.2.dylib */,
				D933103F1A28C05400F3714A /* libarchive.dylib */,
				D93310401A28C05400F3714A /* libassertion_extension.dylib */,
				D93310411A28C05400F3714A /* libassertion_launchd.dylib */,
				D93310421A28C05400F3714A /* libauthinstall.dylib */,
				D93310431A28C05400F3714A /* libAWDProtobuf.dylib */,
				D93310441A28C05400F3714A /* libAWDProtobufAirPlay.dylib */,
				D93310451A28C05400F3714A /* libAWDProtobufAPSD.dylib */,
				D93310461A28C05400F3714A /* libAWDProtobufBaseband.dylib */,
				D93310471A28C05400F3714A /* libAWDProtobufBluetooth.dylib */,
				D93310481A28C05400F3714A /* libAWDProtobufCallHistory.dylib */,
				D93310491A28C05400F3714A /* libAWDProtobufCaptive.dylib */,
				D933104A1A28C05400F3714A /* libAWDProtobufCATM.dylib */,
				D933104B1A28C05400F3714A /* libAWDProtobufEasyConfig.dylib */,
				D933104C1A28C05400F3714A /* libAWDProtobufFacetime.dylib */,
				D933104D1A28C05400F3714A /* libAWDProtobufFacetimeiMessage.dylib */,
				D933104E1A28C05400F3714A /* libAWDProtobufGCK.dylib */,
				D933104F1A28C05400F3714A /* libAWDProtobufHomeKit.dylib */,
				D93310501A28C05400F3714A /* libAWDProtobufIDS.dylib */,
				D93310511A28C05400F3714A /* libAWDProtobufITester.dylib */,
				D93310521A28C05400F3714A /* libAWDProtobufLibnetcore.dylib */,
				D93310531A28C05400F3714A /* libAWDProtobufLocation.dylib */,
				D93310541A28C05400F3714A /* libAWDProtobufMMCS.dylib */,
				D93310551A28C05400F3714A /* libAWDProtobufNFC.dylib */,
				D93310561A28C05400F3714A /* libAWDProtobufPower.dylib */,
				D93310571A28C05400F3714A /* libAWDProtobufSiri.dylib */,
				D93310581A28C05400F3714A /* libAWDProtobufTelephony.dylib */,
				D93310591A28C05400F3714A /* libAWDProtobufVPN.dylib */,
				D933105A1A28C05400F3714A /* libAWDProtobufWifi.dylib */,
				D933105B1A28C05400F3714A /* libAWDProtobufWirelessProximity.dylib */,
				D933105C1A28C05400F3714A /* libAWDProtobufWRM.dylib */,
				D933105D1A28C05400F3714A /* libAWDSupport.dylib */,
				D933105E1A28C05400F3714A /* libAWDSupportConfig.dylib */,
				D933105F1A28C05400F3714A /* libAWDSupportFramework.dylib */,
				D93310601A28C05400F3714A /* libAWDSupportInfo.dylib */,
				D93310611A28C05400F3714A /* libAXSafeCategoryBundle.dylib */,
				D93310621A28C05400F3714A /* libAXSpeechManager.dylib */,
				D93310631A28C05400F3714A /* libBasebandManager.dylib */,
				D93310641A28C05400F3714A /* libBasebandUSB.dylib */,
				D93310651A28C05400F3714A /* libBBUpdaterDynamic.dylib */,
				D93310661A28C05400F3714A /* libbsm.0.dylib */,
				D93310671A28C05400F3714A /* libbsm.dylib */,
				D93310681A28C05400F3714A /* libbz2.1.0.dylib */,
				D93310691A28C05400F3714A /* libbz2.dylib */,
				D933106A1A28C05400F3714A /* libc++.1.dylib */,
				D933106B1A28C05400F3714A /* libc++.dylib */,
				D933106C1A28C05400F3714A /* libc++abi.dylib */,
				D933106D1A28C05400F3714A /* libc.dylib */,
				D933106E1A28C05400F3714A /* libcache.dylib */,
				D933106F1A28C05400F3714A /* libcharset.1.0.0.dylib */,
				D93310701A28C05400F3714A /* libcharset.1.dylib */,
				D93310711A28C05400F3714A /* libcharset.dylib */,
				D93310721A28C05400F3714A /* libcmph.dylib */,
				D93310731A28C05400F3714A /* libcommonCrypto.dylib */,
				D93310741A28C05400F3714A /* libcompiler_rt.dylib */,
				D93310751A28C05400F3714A /* libcopyfile.dylib */,
				D93310761A28C05400F3714A /* libcorecrypto.dylib */,
				D93310771A28C05400F3714A /* libCRFSuite.dylib */,
				D93310781A28C05500F3714A /* libCRFSuite0.12.dylib */,
				D93310791A28C05500F3714A /* libCTWakeCommandParserDynamic.dylib */,
				D933107A1A28C05500F3714A /* libcupolicy.dylib */,
				D933107B1A28C05500F3714A /* libcurses.dylib */,
				D933107C1A28C05500F3714A /* libdbm.dylib */,
				D933107D1A28C05500F3714A /* libDHCPServer.A.dylib */,
				D933107E1A28C05500F3714A /* libDHCPServer.dylib */,
				D933107F1A28C05500F3714A /* libdispatch.dylib */,
				D93310801A28C05500F3714A /* libdispatch.dylib */,
				D93310811A28C05500F3714A /* libdl.dylib */,
				D93310821A28C05500F3714A /* libdns_services.dylib */,
				D93310831A28C05500F3714A /* libdns_services_mdns.dylib */,
				D93310841A28C05500F3714A /* libdyld.dylib */,
				D93310851A28C05500F3714A /* libedit.2.dylib */,
				D93310861A28C05500F3714A /* libedit.3.0.dylib */,
				D93310871A28C05500F3714A /* libedit.3.dylib */,
				D93310881A28C05500F3714A /* libedit.dylib */,
				D93310891A28C05500F3714A /* libexslt.0.dylib */,
				D933108A1A28C05500F3714A /* libexslt.dylib */,
				D933108B1A28C05500F3714A /* libextension.dylib */,
				D933108C1A28C05500F3714A /* libform.5.4.dylib */,
				D933108D1A28C05500F3714A /* libform.dylib */,
				D933108E1A28C05500F3714A /* libgcc_s.1.dylib */,
				D933108F1A28C05500F3714A /* libgermantok.dylib */,
				D93310901A28C05500F3714A /* libGestureServer.dylib */,
				D93310911A28C05500F3714A /* libgll.dylib */,
				D93310921A28C05500F3714A /* libH5Dynamic.dylib */,
				D93310931A28C05500F3714A /* libheimdal-asn1.dylib */,
				D93310941A28C05500F3714A /* libiconv.2.4.0.dylib */,
				D93310951A28C05500F3714A /* libiconv.2.dylib */,
				D93310961A28C05500F3714A /* libiconv.dylib */,
				D93310971A28C05500F3714A /* libicucore.A.dylib */,
				D93310981A28C05500F3714A /* libicucore.dylib */,
				D93310991A28C05500F3714A /* libinfo.dylib */,
				D933109A1A28C05500F3714A /* libIOAccessoryManager.dylib */,
				D933109B1A28C05500F3714A /* libipconfig.dylib */,
				D933109C1A28C05500F3714A /* libipsec.A.dylib */,
				D933109D1A28C05500F3714A /* libipsec.dylib */,
				D933109E1A28C05500F3714A /* libkeymgr.dylib */,
				D933109F1A28C05500F3714A /* libktrace.dylib */,
				D93310A01A28C05500F3714A /* liblangid.dylib */,
				D93310A11A28C05500F3714A /* liblaunch.dylib */,
				D93310A21A28C05500F3714A /* liblockdown.dylib */,
				D93310A31A28C05500F3714A /* liblzma.5.dylib */,
				D93310A41A28C05500F3714A /* liblzma.dylib */,
				D93310A51A28C05500F3714A /* libm.dylib */,
				D93310A61A28C05500F3714A /* libmacho.dylib */,
				D93310A71A28C05500F3714A /* libMatch.1.dylib */,
				D93310A81A28C05500F3714A /* libMatch.dylib */,
				D93310A91A28C05500F3714A /* libmav_ipc_router_dynamic.dylib */,
				D93310AA1A28C05500F3714A /* libmecab_em.dylib */,
				D93310AB1A28C05500F3714A /* libmecabra.dylib */,
				D93310AC1A28C05500F3714A /* libmis.dylib */,
				D93310AD1A28C05500F3714A /* libMobileCheckpoint.dylib */,
				D93310AE1A28C05500F3714A /* libMobileGestalt.dylib */,
				D93310AF1A28C05500F3714A /* libMobileGestaltExtensions.dylib */,
				D93310B01A28C05500F3714A /* libncurses.5.4.dylib */,
				D93310B11A28C05500F3714A /* libncurses.dylib */,
				D93310B21A28C05500F3714A /* libnfshared.dylib */,
				D93310B31A28C05500F3714A /* libobjc.A.dylib */,
				D93310B41A28C05500F3714A /* libobjc.dylib */,
				D93310B51A28C05500F3714A /* libomadm.dylib */,
				D93310B61A28C05500F3714A /* libpoll.dylib */,
				D93310B71A28C05500F3714A /* libproc.dylib */,
				D93310B81A28C05500F3714A /* libprotobuf.dylib */,
				D93310B91A28C05500F3714A /* libpthread.dylib */,
				D93310BA1A28C05500F3714A /* libQLCharts.dylib */,
				D93310BB1A28C05500F3714A /* libremovefile.dylib */,
				D93310BC1A28C05500F3714A /* libresolv.9.dylib */,
				D93310BD1A28C05500F3714A /* libresolv.dylib */,
				D93310BE1A28C05500F3714A /* librpcsvc.dylib */,
				D93310BF1A28C05500F3714A /* libsandbox.1.dylib */,
				D93310C01A28C05500F3714A /* libsandbox.dylib */,
				D93310C11A28C05500F3714A /* libsp.dylib */,
				D93310C21A28C05500F3714A /* libsqlite3.0.dylib */,
				D93310C31A28C05500F3714A /* libsqlite3.dylib */,
				D93310C41A28C05500F3714A /* libstdc++.6.0.9.dylib */,
				D93310C51A28C05500F3714A /* libstdc++.6.dylib */,
				D93310C61A28C05500F3714A /* libstdc++.dylib */,
				D93310C71A28C05500F3714A /* libSystem.B.dylib */,
				D93310C81A28C05500F3714A /* libSystem.dylib */,
				D93310C91A28C05500F3714A /* libsystem_asl.dylib */,
				D93310CA1A28C05500F3714A /* libsystem_blocks.dylib */,
				D93310CB1A28C05500F3714A /* libsystem_c.dylib */,
				D93310CC1A28C05500F3714A /* libsystem_configuration.dylib */,
				D93310CD1A28C05500F3714A /* libsystem_coreservices.dylib */,
				D93310CE1A28C05500F3714A /* libsystem_coretls.dylib */,
				D93310CF1A28C05500F3714A /* libsystem_dnssd.dylib */,
				D93310D01A28C05500F3714A /* libsystem_info.dylib */,
				D93310D11A28C05500F3714A /* libsystem_kernel.dylib */,
				D93310D21A28C05500F3714A /* libsystem_m.dylib */,
				D93310D31A28C05500F3714A /* libsystem_malloc.dylib */,
				D93310D41A28C05500F3714A /* libsystem_network.dylib */,
				D93310D51A28C05500F3714A /* libsystem_networkextension.dylib */,
				D93310D61A28C05500F3714A /* libsystem_notify.dylib */,
				D93310D71A28C05500F3714A /* libsystem_platform.dylib */,
				D93310D81A28C05500F3714A /* libsystem_pthread.dylib */,
				D93310D91A28C05500F3714A /* libsystem_sandbox.dylib */,
				D93310DA1A28C05500F3714A /* libsystem_stats.dylib */,
				D93310DB1A28C05500F3714A /* libsystem_trace.dylib */,
				D93310DC1A28C05500F3714A /* libTelephonyBasebandBulkUSBDynamic.dylib */,
				D93310DD1A28C05500F3714A /* libTelephonyBasebandDynamic.dylib */,
				D93310DE1A28C05500F3714A /* libTelephonyDebugDynamic.dylib */,
				D93310DF1A28C05500F3714A /* libTelephonyIOKitDynamic.dylib */,
				D93310E01A28C05500F3714A /* libTelephonyUSBDynamic.dylib */,
				D93310E11A28C05500F3714A /* libTelephonyUtilDynamic.dylib */,
				D93310E21A28C05500F3714A /* libThaiTokenizer.dylib */,
				D93310E31A28C05500F3714A /* libtidy.A.dylib */,
				D93310E41A28C05500F3714A /* libtidy.dylib */,
				D93310E51A28C05500F3714A /* libType2Streamer.dylib */,
				D93310E61A28C05500F3714A /* libtzupdate.dylib */,
				D93310E71A28C05500F3714A /* libunwind.dylib */,
				D93310E81A28C05500F3714A /* libutil.dylib */,
				D93310E91A28C05500F3714A /* libutil1.0.dylib */,
				D93310EA1A28C05500F3714A /* libWAPI.dylib */,
				D93310EB1A28C05500F3714A /* libxml2.2.dylib */,
				D93310EC1A28C05500F3714A /* libxml2.dylib */,
				D93310ED1A28C05500F3714A /* libxpc.dylib */,
				D93310EE1A28C05500F3714A /* libxslt.1.dylib */,
				D93310EF1A28C05500F3714A /* libxslt.dylib */,
				D93310F01A28C05500F3714A /* libz.1.1.3.dylib */,
				D93310F11A28C05500F3714A /* libz.1.2.5.dylib */,
				D93310F21A28C05500F3714A /* libz.1.dylib */,
				D93310F31A28C05500F3714A /* libz.dylib */,
				D93310F41A28C05500F3714A /* LocalAuthentication.framework */,
				D93310F51A28C05500F3714A /* MapKit.framework */,
				D93310F61A28C05500F3714A /* MediaAccessibility.framework */,
				D93310F71A28C05500F3714A /* MediaPlayer.framework */,
				D93310F81A28C05500F3714A /* MediaToolbox.framework */,
				D93310F91A28C05500F3714A /* MessageUI.framework */,
				D93310FA1A28C05500F3714A /* Metal.framework */,
				D93310FB1A28C05500F3714A /* MobileCoreServices.framework */,
				D93310FC1A28C05500F3714A /* MultipeerConnectivity.framework */,
				D93310FD1A28C05500F3714A /* NetworkExtension.framework */,
				D93310FE1A28C05500F3714A /* NewsstandKit.framework */,
				D93310FF1A28C05500F3714A /* NotificationCenter.framework */,
				D93311001A28C05500F3714A /* OpenAL.framework */,
				D93311011A28C05500F3714A /* OpenGLES.framework */,
				D93311021A28C05500F3714A /* PassKit.framework */,
				D93311031A28C05500F3714A /* Photos.framework */,
				D93311041A28C05500F3714A /* PhotosUI.framework */,
				D93311051A28C05500F3714A /* PushKit.framework */,
				D93311061A28C05500F3714A /* QuartzCore.framework */,
				D93311071A28C05500F3714A /* QuickLook.framework */,
				D93311081A28C05500F3714A /* SafariServices.framework */,
				D93311091A28C05500F3714A /* SceneKit.framework */,
				D933110A1A28C05500F3714A /* Security.framework */,
				D933110B1A28C05500F3714A /* Social.framework */,
				D933110C1A28C05500F3714A /* SpriteKit.framework */,
				D933110D1A28C05500F3714A /* StoreKit.framework */,
				D933110E1A28C05500F3714A /* SystemConfiguration.framework */,
				D933110F1A28C05500F3714A /* Twitter.framework */,
				D93311101A28C05500F3714A /* UIKit.framework */,
				D93311111A28C05500F3714A /* VideoToolbox.framework */,
				D93311121A28C05500F3714A /* WebKit.framework */,
				D93311131A28C05600F3714A /* DTPerformanceSession.framework */,
				D93311141A28C05600F3714A /* InterfaceBuilderKit.framework */,
				D93311151A28C05600F3714A /* SenTestingKit.framework */,
				D933100A1A28BCC200F3714A /* Info.plist */,
				D93310091A28BC9E00F3714A /* Info.plist */,
				D93310061A28BAA700F3714A /* Morpion.xcodeproj */,
				D94BDB041A27CA0E009F69FB /* Morpion */,
				D94BDB1A1A27CA0E009F69FB /* MorpionTests */,
				D94BDB031A27CA0E009F69FB /* Products */,
			);
			sourceTree = "<group>";
		};
		D94BDB031A27CA0E009F69FB /* Products */ = {
			isa = PBXGroup;
			children = (
				D94BDB021A27CA0E009F69FB /* Morpion.app */,
				D94BDB171A27CA0E009F69FB /* MorpionTests.xctest */,
			);
			name = Products;
			sourceTree = "<group>";
		};
		D94BDB041A27CA0E009F69FB /* Morpion */ = {
			isa = PBXGroup;
			children = (
				D94BDB071A27CA0E009F69FB /* AppDelegate.swift */,
				D94BDB091A27CA0E009F69FB /* ViewController.swift */,
				D94BDB271A27E18D009F69FB /* MorpionImageView.swift */,
				D94BDB291A27E43B009F69FB /* MPCHandler.swift */,
				D94BDB0B1A27CA0E009F69FB /* Main.storyboard */,
				D94BDB0E1A27CA0E009F69FB /* Images.xcassets */,
				D94BDB101A27CA0E009F69FB /* LaunchScreen.xib */,
				D94BDB051A27CA0E009F69FB /* Supporting Files */,
			);
			path = Morpion;
			sourceTree = "<group>";
		};
		D94BDB051A27CA0E009F69FB /* Supporting Files */ = {
			isa = PBXGroup;
			children = (
				D94BDB061A27CA0E009F69FB /* Info.plist */,
			);
			name = "Supporting Files";
			sourceTree = "<group>";
		};
		D94BDB1A1A27CA0E009F69FB /* MorpionTests */ = {
			isa = PBXGroup;
			children = (
				D94BDB1D1A27CA0E009F69FB /* MorpionTests.swift */,
				D94BDB1B1A27CA0E009F69FB /* Supporting Files */,
			);
			path = MorpionTests;
			sourceTree = "<group>";
		};
		D94BDB1B1A27CA0E009F69FB /* Supporting Files */ = {
			isa = PBXGroup;
			children = (
				D94BDB1C1A27CA0E009F69FB /* Info.plist */,
			);
			name = "Supporting Files";
			sourceTree = "<group>";
		};
/* End PBXGroup section */

/* Begin PBXNativeTarget section */
		D94BDB011A27CA0E009F69FB /* Morpion */ = {
			isa = PBXNativeTarget;
			buildConfigurationList = D94BDB211A27CA0E009F69FB /* Build configuration list for PBXNativeTarget "Morpion" */;
			buildPhases = (
				D94BDAFE1A27CA0E009F69FB /* Sources */,
				D94BDAFF1A27CA0E009F69FB /* Frameworks */,
				D94BDB001A27CA0E009F69FB /* Resources */,
			);
			buildRules = (
			);
			dependencies = (
			);
			name = Morpion;
			productName = Morpion;
			productReference = D94BDB021A27CA0E009F69FB /* Morpion.app */;
			productType = "com.apple.product-type.application";
		};
		D94BDB161A27CA0E009F69FB /* MorpionTests */ = {
			isa = PBXNativeTarget;
			buildConfigurationList = D94BDB241A27CA0E009F69FB /* Build configuration list for PBXNativeTarget "MorpionTests" */;
			buildPhases = (
				D94BDB131A27CA0E009F69FB /* Sources */,
				D94BDB141A27CA0E009F69FB /* Frameworks */,
				D94BDB151A27CA0E009F69FB /* Resources */,
			);
			buildRules = (
			);
			dependencies = (
				D94BDB191A27CA0E009F69FB /* PBXTargetDependency */,
			);
			name = MorpionTests;
			productName = MorpionTests;
			productReference = D94BDB171A27CA0E009F69FB /* MorpionTests.xctest */;
			productType = "com.apple.product-type.bundle.unit-test";
		};
/* End PBXNativeTarget section */

/* Begin PBXProject section */
		D94BDAFA1A27CA0E009F69FB /* Project object */ = {
			isa = PBXProject;
			attributes = {
				LastUpgradeCheck = 0610;
				ORGANIZATIONNAME = "Mohamed Mokhtari";
				TargetAttributes = {
					D94BDB011A27CA0E009F69FB = {
						CreatedOnToolsVersion = 6.1;
						DevelopmentTeam = NN5M24JA33;
					};
					D94BDB161A27CA0E009F69FB = {
						CreatedOnToolsVersion = 6.1;
						DevelopmentTeam = NN5M24JA33;
						TestTargetID = D94BDB011A27CA0E009F69FB;
					};
				};
			};
			buildConfigurationList = D94BDAFD1A27CA0E009F69FB /* Build configuration list for PBXProject "Morpion" */;
			compatibilityVersion = "Xcode 3.2";
			developmentRegion = English;
			hasScannedForEncodings = 0;
			knownRegions = (
				en,
				Base,
			);
			mainGroup = D94BDAF91A27CA0E009F69FB;
			productRefGroup = D94BDB031A27CA0E009F69FB /* Products */;
			projectDirPath = "";
			projectReferences = (
				{
					ProductGroup = D93310071A28BAA700F3714A /* Products */;
					ProjectRef = D93310061A28BAA700F3714A /* Morpion.xcodeproj */;
				},
			);
			projectRoot = "";
			targets = (
				D94BDB011A27CA0E009F69FB /* Morpion */,
				D94BDB161A27CA0E009F69FB /* MorpionTests */,
			);
		};
/* End PBXProject section */

/* Begin PBXResourcesBuildPhase section */
		D94BDB001A27CA0E009F69FB /* Resources */ = {
			isa = PBXResourcesBuildPhase;
			buildActionMask = 2147483647;
			files = (
				D94BDB0D1A27CA0E009F69FB /* Main.storyboard in Resources */,
				D94BDB121A27CA0E009F69FB /* LaunchScreen.xib in Resources */,
				D94BDB0F1A27CA0E009F69FB /* Images.xcassets in Resources */,
			);
			runOnlyForDeploymentPostprocessing = 0;
		};
		D94BDB151A27CA0E009F69FB /* Resources */ = {
			isa = PBXResourcesBuildPhase;
			buildActionMask = 2147483647;
			files = (
			);
			runOnlyForDeploymentPostprocessing = 0;
		};
/* End PBXResourcesBuildPhase section */

/* Begin PBXSourcesBuildPhase section */
		D94BDAFE1A27CA0E009F69FB /* Sources */ = {
			isa = PBXSourcesBuildPhase;
			buildActionMask = 2147483647;
			files = (
				D94BDB281A27E18D009F69FB /* MorpionImageView.swift in Sources */,
				D94BDB2A1A27E43B009F69FB /* MPCHandler.swift in Sources */,
				D94BDB0A1A27CA0E009F69FB /* ViewController.swift in Sources */,
				D94BDB081A27CA0E009F69FB /* AppDelegate.swift in Sources */,
			);
			runOnlyForDeploymentPostprocessing = 0;
		};
		D94BDB131A27CA0E009F69FB /* Sources */ = {
			isa = PBXSourcesBuildPhase;
			buildActionMask = 2147483647;
			files = (
				D94BDB1E1A27CA0E009F69FB /* MorpionTests.swift in Sources */,
			);
			runOnlyForDeploymentPostprocessing = 0;
		};
/* End PBXSourcesBuildPhase section */

/* Begin PBXTargetDependency section */
		D94BDB191A27CA0E009F69FB /* PBXTargetDependency */ = {
			isa = PBXTargetDependency;
			target = D94BDB011A27CA0E009F69FB /* Morpion */;
			targetProxy = D94BDB181A27CA0E009F69FB /* PBXContainerItemProxy */;
		};
/* End PBXTargetDependency section */

/* Begin PBXVariantGroup section */
		D94BDB0B1A27CA0E009F69FB /* Main.storyboard */ = {
			isa = PBXVariantGroup;
			children = (
				D94BDB0C1A27CA0E009F69FB /* Base */,
			);
			name = Main.storyboard;
			sourceTree = "<group>";
		};
		D94BDB101A27CA0E009F69FB /* LaunchScreen.xib */ = {
			isa = PBXVariantGroup;
			children = (
				D94BDB111A27CA0E009F69FB /* Base */,
			);
			name = LaunchScreen.xib;
			sourceTree = "<group>";
		};
/* End PBXVariantGroup section */

/* Begin XCBuildConfiguration section */
		D94BDB1F1A27CA0E009F69FB /* Debug */ = {
			isa = XCBuildConfiguration;
			buildSettings = {
				ALWAYS_SEARCH_USER_PATHS = NO;
				CLANG_CXX_LANGUAGE_STANDARD = "gnu++0x";
				CLANG_CXX_LIBRARY = "libc++";
				CLANG_ENABLE_MODULES = YES;
				CLANG_ENABLE_OBJC_ARC = YES;
				CLANG_WARN_BOOL_CONVERSION = YES;
				CLANG_WARN_CONSTANT_CONVERSION = YES;
				CLANG_WARN_DIRECT_OBJC_ISA_USAGE = YES_ERROR;
				CLANG_WARN_EMPTY_BODY = YES;
				CLANG_WARN_ENUM_CONVERSION = YES;
				CLANG_WARN_INT_CONVERSION = YES;
				CLANG_WARN_OBJC_ROOT_CLASS = YES_ERROR;
				CLANG_WARN_UNREACHABLE_CODE = YES;
				CLANG_WARN__DUPLICATE_METHOD_MATCH = YES;
				"CODE_SIGN_IDENTITY[sdk=iphoneos*]" = "iPhone Developer";
				COPY_PHASE_STRIP = NO;
				EMBEDDED_CONTENT_CONTAINS_SWIFT = YES;
				ENABLE_STRICT_OBJC_MSGSEND = YES;
				GCC_C_LANGUAGE_STANDARD = gnu99;
				GCC_DYNAMIC_NO_PIC = NO;
				GCC_OPTIMIZATION_LEVEL = 0;
				GCC_PREPROCESSOR_DEFINITIONS = (
					"DEBUG=1",
					"$(inherited)",
				);
				GCC_SYMBOLS_PRIVATE_EXTERN = NO;
				GCC_WARN_64_TO_32_BIT_CONVERSION = YES;
				GCC_WARN_ABOUT_RETURN_TYPE = YES_ERROR;
				GCC_WARN_UNDECLARED_SELECTOR = YES;
				GCC_WARN_UNINITIALIZED_AUTOS = YES_AGGRESSIVE;
				GCC_WARN_UNUSED_FUNCTION = YES;
				GCC_WARN_UNUSED_VARIABLE = YES;
				IPHONEOS_DEPLOYMENT_TARGET = 8.1;
				MTL_ENABLE_DEBUG_INFO = YES;
				ONLY_ACTIVE_ARCH = YES;
				PROVISIONING_PROFILE = "";
				SDKROOT = iphoneos;
				SWIFT_OPTIMIZATION_LEVEL = "-Onone";
			};
			name = Debug;
		};
		D94BDB201A27CA0E009F69FB /* Release */ = {
			isa = XCBuildConfiguration;
			buildSettings = {
				ALWAYS_SEARCH_USER_PATHS = NO;
				CLANG_CXX_LANGUAGE_STANDARD = "gnu++0x";
				CLANG_CXX_LIBRARY = "libc++";
				CLANG_ENABLE_MODULES = YES;
				CLANG_ENABLE_OBJC_ARC = YES;
				CLANG_WARN_BOOL_CONVERSION = YES;
				CLANG_WARN_CONSTANT_CONVERSION = YES;
				CLANG_WARN_DIRECT_OBJC_ISA_USAGE = YES_ERROR;
				CLANG_WARN_EMPTY_BODY = YES;
				CLANG_WARN_ENUM_CONVERSION = YES;
				CLANG_WARN_INT_CONVERSION = YES;
				CLANG_WARN_OBJC_ROOT_CLASS = YES_ERROR;
				CLANG_WARN_UNREACHABLE_CODE = YES;
				CLANG_WARN__DUPLICATE_METHOD_MATCH = YES;
				"CODE_SIGN_IDENTITY[sdk=iphoneos*]" = "iPhone Developer";
				COPY_PHASE_STRIP = YES;
				EMBEDDED_CONTENT_CONTAINS_SWIFT = YES;
				ENABLE_NS_ASSERTIONS = NO;
				ENABLE_STRICT_OBJC_MSGSEND = YES;
				GCC_C_LANGUAGE_STANDARD = gnu99;
				GCC_WARN_64_TO_32_BIT_CONVERSION = YES;
				GCC_WARN_ABOUT_RETURN_TYPE = YES_ERROR;
				GCC_WARN_UNDECLARED_SELECTOR = YES;
				GCC_WARN_UNINITIALIZED_AUTOS = YES_AGGRESSIVE;
				GCC_WARN_UNUSED_FUNCTION = YES;
				GCC_WARN_UNUSED_VARIABLE = YES;
				IPHONEOS_DEPLOYMENT_TARGET = 8.1;
				MTL_ENABLE_DEBUG_INFO = NO;
				ONLY_ACTIVE_ARCH = YES;
				PROVISIONING_PROFILE = "";
				SDKROOT = iphoneos;
				VALIDATE_PRODUCT = YES;
			};
			name = Release;
		};
		D94BDB221A27CA0E009F69FB /* Debug */ = {
			isa = XCBuildConfiguration;
			buildSettings = {
				ASSETCATALOG_COMPILER_APPICON_NAME = AppIcon;
				CODE_SIGN_IDENTITY = "";
				"CODE_SIGN_IDENTITY[sdk=iphoneos*]" = "iPhone Developer";
				EMBEDDED_CONTENT_CONTAINS_SWIFT = YES;
				FRAMEWORK_SEARCH_PATHS = (
					"$(inherited)",
					"$(DEVELOPER_FRAMEWORKS_DIR)",
				);
				INFOPLIST_FILE = Morpion/Info.plist;
				LD_RUNPATH_SEARCH_PATHS = "$(inherited) @executable_path/Frameworks @executable_path/../Frameworks";
				LIBRARY_SEARCH_PATHS = (
					"$(inherited)",
					"$(SDKROOT)/usr/lib/system",
					"$(SDKROOT)/usr/lib/system/introspection",
				);
				PRODUCT_NAME = "$(TARGET_NAME)";
				PROVISIONING_PROFILE = "";
				TARGETED_DEVICE_FAMILY = 1;
			};
			name = Debug;
		};
		D94BDB231A27CA0E009F69FB /* Release */ = {
			isa = XCBuildConfiguration;
			buildSettings = {
				ASSETCATALOG_COMPILER_APPICON_NAME = AppIcon;
				CODE_SIGN_IDENTITY = "";
				"CODE_SIGN_IDENTITY[sdk=iphoneos*]" = "iPhone Developer";
				EMBEDDED_CONTENT_CONTAINS_SWIFT = YES;
				FRAMEWORK_SEARCH_PATHS = (
					"$(inherited)",
					"$(DEVELOPER_FRAMEWORKS_DIR)",
				);
				INFOPLIST_FILE = Morpion/Info.plist;
				LD_RUNPATH_SEARCH_PATHS = "$(inherited) @executable_path/Frameworks @executable_path/../Frameworks";
				LIBRARY_SEARCH_PATHS = (
					"$(inherited)",
					"$(SDKROOT)/usr/lib/system",
					"$(SDKROOT)/usr/lib/system/introspection",
				);
				PRODUCT_NAME = "$(TARGET_NAME)";
				PROVISIONING_PROFILE = "";
				TARGETED_DEVICE_FAMILY = 1;
			};
			name = Release;
		};
		D94BDB251A27CA0E009F69FB /* Debug */ = {
			isa = XCBuildConfiguration;
			buildSettings = {
				BUNDLE_LOADER = "$(TEST_HOST)";
				CODE_SIGN_IDENTITY = "iPhone Developer";
				"CODE_SIGN_IDENTITY[sdk=iphoneos*]" = "iPhone Developer";
				FRAMEWORK_SEARCH_PATHS = (
					"$(SDKROOT)/Developer/Library/Frameworks",
					"$(inherited)",
				);
				GCC_PREPROCESSOR_DEFINITIONS = (
					"DEBUG=1",
					"$(inherited)",
				);
				INFOPLIST_FILE = MorpionTests/Info.plist;
				LD_RUNPATH_SEARCH_PATHS = "$(inherited) @executable_path/Frameworks @loader_path/Frameworks";
				PRODUCT_NAME = "$(TARGET_NAME)";
				PROVISIONING_PROFILE = "";
				TEST_HOST = "$(BUILT_PRODUCTS_DIR)/Morpion.app/Morpion";
			};
			name = Debug;
		};
		D94BDB261A27CA0E009F69FB /* Release */ = {
			isa = XCBuildConfiguration;
			buildSettings = {
				BUNDLE_LOADER = "$(TEST_HOST)";
				CODE_SIGN_IDENTITY = "iPhone Developer";
				"CODE_SIGN_IDENTITY[sdk=iphoneos*]" = "iPhone Developer";
				FRAMEWORK_SEARCH_PATHS = (
					"$(SDKROOT)/Developer/Library/Frameworks",
					"$(inherited)",
				);
				INFOPLIST_FILE = MorpionTests/Info.plist;
				LD_RUNPATH_SEARCH_PATHS = "$(inherited) @executable_path/Frameworks @loader_path/Frameworks";
				PRODUCT_NAME = "$(TARGET_NAME)";
				PROVISIONING_PROFILE = "";
				TEST_HOST = "$(BUILT_PRODUCTS_DIR)/Morpion.app/Morpion";
			};
			name = Release;
		};
/* End XCBuildConfiguration section */

/* Begin XCConfigurationList section */
		D94BDAFD1A27CA0E009F69FB /* Build configuration list for PBXProject "Morpion" */ = {
			isa = XCConfigurationList;
			buildConfigurations = (
				D94BDB1F1A27CA0E009F69FB /* Debug */,
				D94BDB201A27CA0E009F69FB /* Release */,
			);
			defaultConfigurationIsVisible = 0;
			defaultConfigurationName = Release;
		};
		D94BDB211A27CA0E009F69FB /* Build configuration list for PBXNativeTarget "Morpion" */ = {
			isa = XCConfigurationList;
			buildConfigurations = (
				D94BDB221A27CA0E009F69FB /* Debug */,
				D94BDB231A27CA0E009F69FB /* Release */,
			);
			defaultConfigurationIsVisible = 0;
			defaultConfigurationName = Release;
		};
		D94BDB241A27CA0E009F69FB /* Build configuration list for PBXNativeTarget "MorpionTests" */ = {
			isa = XCConfigurationList;
			buildConfigurations = (
				D94BDB251A27CA0E009F69FB /* Debug */,
				D94BDB261A27CA0E009F69FB /* Release */,
			);
			defaultConfigurationIsVisible = 0;
			defaultConfigurationName = Release;
		};
/* End XCConfigurationList section */
	};
	rootObject = D94BDAFA1A27CA0E009F69FB /* Project object */;
}
